// !$*UTF8*$!
{
	archiveVersion = 1;
	classes = {
	};
	objectVersion = 51;
	objects = {

/* Begin PBXBuildFile section */
		489ECAB506C4C2954E3D2D2E /* Pods_BucketList.framework in Frameworks */ = {isa = PBXBuildFile; fileRef = D3317EECED0B32C26F983252 /* Pods_BucketList.framework */; };
		697358B1268B8CF500E17FC1 /* ConversationTableViewCell.swift in Sources */ = {isa = PBXBuildFile; fileRef = 697358B0268B8CF500E17FC1 /* ConversationTableViewCell.swift */; };
		9A2D612B268507AB00424AE4 /* FriendsListTableViewController.swift in Sources */ = {isa = PBXBuildFile; fileRef = 9A2D612A268507AB00424AE4 /* FriendsListTableViewController.swift */; };
		9A2D612F26852D5100424AE4 /* Friend.swift in Sources */ = {isa = PBXBuildFile; fileRef = 9A2D612E26852D5100424AE4 /* Friend.swift */; };
		9A2D613126862D1000424AE4 /* FriendsListTableViewCell.swift in Sources */ = {isa = PBXBuildFile; fileRef = 9A2D613026862D1000424AE4 /* FriendsListTableViewCell.swift */; };
		9A31F38D26977DE2006470CB /* Friends.storyboard in Resources */ = {isa = PBXBuildFile; fileRef = 9A31F38C26977DE2006470CB /* Friends.storyboard */; };
		9A4056C3268BB7B200307C77 /* SearchUserTableViewController.swift in Sources */ = {isa = PBXBuildFile; fileRef = 9A4056C2268BB7B200307C77 /* SearchUserTableViewController.swift */; };
		AA02FF7926810500004EA782 /* AppDelegate.swift in Sources */ = {isa = PBXBuildFile; fileRef = AA02FF7826810500004EA782 /* AppDelegate.swift */; };
		AA02FF7B26810500004EA782 /* SceneDelegate.swift in Sources */ = {isa = PBXBuildFile; fileRef = AA02FF7A26810500004EA782 /* SceneDelegate.swift */; };
		AA02FF8226810501004EA782 /* Assets.xcassets in Resources */ = {isa = PBXBuildFile; fileRef = AA02FF8126810501004EA782 /* Assets.xcassets */; };
		AA02FF8526810501004EA782 /* LaunchScreen.storyboard in Resources */ = {isa = PBXBuildFile; fileRef = AA02FF8326810501004EA782 /* LaunchScreen.storyboard */; };
		AA25B4F726814A5300B0E13F /* SignUpFinalViewController.swift in Sources */ = {isa = PBXBuildFile; fileRef = AA25B4F626814A5300B0E13F /* SignUpFinalViewController.swift */; };
		AA25B504268156F400B0E13F /* LoginViewController.swift in Sources */ = {isa = PBXBuildFile; fileRef = AA25B503268156F400B0E13F /* LoginViewController.swift */; };
		AA25B512268250B500B0E13F /* FirebaseFunctions.swift in Sources */ = {isa = PBXBuildFile; fileRef = AA25B510268250B500B0E13F /* FirebaseFunctions.swift */; };
		AA25B513268250B500B0E13F /* PasswordValidator.swift in Sources */ = {isa = PBXBuildFile; fileRef = AA25B511268250B500B0E13F /* PasswordValidator.swift */; };
		AA25B52026838B4200B0E13F /* FriendsList.swift in Sources */ = {isa = PBXBuildFile; fileRef = AA25B51F26838B4200B0E13F /* FriendsList.swift */; };
		AA25B5222683E2B200B0E13F /* ConversationController.swift in Sources */ = {isa = PBXBuildFile; fileRef = AA25B5212683E2B200B0E13F /* ConversationController.swift */; };
		AA25B5262683E32B00B0E13F /* Conversation.swift in Sources */ = {isa = PBXBuildFile; fileRef = AA25B5252683E32B00B0E13F /* Conversation.swift */; };
		AA25B5282683E42800B0E13F /* ConversationCreationTableViewController.swift in Sources */ = {isa = PBXBuildFile; fileRef = AA25B5272683E42800B0E13F /* ConversationCreationTableViewController.swift */; };
		AA25B52A2683E44400B0E13F /* ConversationMessageViewController.swift in Sources */ = {isa = PBXBuildFile; fileRef = AA25B5292683E44400B0E13F /* ConversationMessageViewController.swift */; };
		AA25B52C2683E58200B0E13F /* FriendsListModelController.swift in Sources */ = {isa = PBXBuildFile; fileRef = AA25B52B2683E58200B0E13F /* FriendsListModelController.swift */; };
		AA25B5302683E8A300B0E13F /* Post.swift in Sources */ = {isa = PBXBuildFile; fileRef = AA25B52F2683E8A300B0E13F /* Post.swift */; };
		AA25B5352683E93700B0E13F /* CreatePostViewController.swift in Sources */ = {isa = PBXBuildFile; fileRef = AA25B5342683E93700B0E13F /* CreatePostViewController.swift */; };
		AA25B5372683E96400B0E13F /* FeedTableViewController.swift in Sources */ = {isa = PBXBuildFile; fileRef = AA25B5362683E96400B0E13F /* FeedTableViewController.swift */; };
		AA25B5392683E99900B0E13F /* NewPost.storyboard in Resources */ = {isa = PBXBuildFile; fileRef = AA25B5382683E99900B0E13F /* NewPost.storyboard */; };
		AA25B53C2683E9FF00B0E13F /* FeedTableViewCell.swift in Sources */ = {isa = PBXBuildFile; fileRef = AA25B53B2683E9FF00B0E13F /* FeedTableViewCell.swift */; };
		AA349495268CE57D00467C0C /* ProfileDetail.storyboard in Resources */ = {isa = PBXBuildFile; fileRef = AA349494268CE57D00467C0C /* ProfileDetail.storyboard */; };
		AA349497268CF30A00467C0C /* AddBlockReportViewController.swift in Sources */ = {isa = PBXBuildFile; fileRef = AA349496268CF30A00467C0C /* AddBlockReportViewController.swift */; };
		AA41B6D226C307CA00D518F9 /* BucketItemsPostViewController.swift in Sources */ = {isa = PBXBuildFile; fileRef = AA41B6D126C307CA00D518F9 /* BucketItemsPostViewController.swift */; };
		AA524EA7268A28EA00DF39D4 /* BucketItTableViewController.swift in Sources */ = {isa = PBXBuildFile; fileRef = AA524EA6268A28EA00DF39D4 /* BucketItTableViewController.swift */; };
		AA524EAD268A6D7300DF39D4 /* BucketItem.swift in Sources */ = {isa = PBXBuildFile; fileRef = AA524EAC268A6D7300DF39D4 /* BucketItem.swift */; };
		AA67204C268107A2003D43A0 /* Authenticate.storyboard in Resources */ = {isa = PBXBuildFile; fileRef = AA67204B268107A2003D43A0 /* Authenticate.storyboard */; };
		AA672050268107AD003D43A0 /* gavin.storyboard in Resources */ = {isa = PBXBuildFile; fileRef = AA67204F268107AD003D43A0 /* gavin.storyboard */; };
		AA672052268107B4003D43A0 /* justin.storyboard in Resources */ = {isa = PBXBuildFile; fileRef = AA672051268107B4003D43A0 /* justin.storyboard */; };
		AA6EBBE0268F83DB0087EA34 /* EditPost.storyboard in Resources */ = {isa = PBXBuildFile; fileRef = AA6EBBDF268F83DB0087EA34 /* EditPost.storyboard */; };
		AA6EBBE2268F85280087EA34 /* EditPostViewController.swift in Sources */ = {isa = PBXBuildFile; fileRef = AA6EBBE1268F85280087EA34 /* EditPostViewController.swift */; };
		AA6EBBE7268FA9590087EA34 /* PostDetail.storyboard in Resources */ = {isa = PBXBuildFile; fileRef = AA6EBBE6268FA9590087EA34 /* PostDetail.storyboard */; };
		AA8E96A326810D03003DC8DA /* ConversationListTableViewController.swift in Sources */ = {isa = PBXBuildFile; fileRef = AA8E96A226810D03003DC8DA /* ConversationListTableViewController.swift */; };
		AA8E96AB26810D68003DC8DA /* User.swift in Sources */ = {isa = PBXBuildFile; fileRef = AA8E96AA26810D68003DC8DA /* User.swift */; };
		AA8E96AD26810D6F003DC8DA /* Bucket.swift in Sources */ = {isa = PBXBuildFile; fileRef = AA8E96AC26810D6F003DC8DA /* Bucket.swift */; };
		AA954C54268658E4000C22F7 /* PostViewController.swift in Sources */ = {isa = PBXBuildFile; fileRef = AA954C53268658E4000C22F7 /* PostViewController.swift */; };
		AA954C582686A488000C22F7 /* NewBucket.storyboard in Resources */ = {isa = PBXBuildFile; fileRef = AA954C572686A488000C22F7 /* NewBucket.storyboard */; };
		AAC79494269363D30029718E /* CommentModel.swift in Sources */ = {isa = PBXBuildFile; fileRef = AAC79493269363D30029718E /* CommentModel.swift */; };
		AAC794962693C71C0029718E /* DateFormatter.swift in Sources */ = {isa = PBXBuildFile; fileRef = AAC794952693C71C0029718E /* DateFormatter.swift */; };
		AAC794982693D1720029718E /* SignUpPersonalViewController.swift in Sources */ = {isa = PBXBuildFile; fileRef = AAC794972693D1720029718E /* SignUpPersonalViewController.swift */; };
		AAC7949A2693D18F0029718E /* SignUpEmailViewController.swift in Sources */ = {isa = PBXBuildFile; fileRef = AAC794992693D18F0029718E /* SignUpEmailViewController.swift */; };
		AAC7949C2693D1AA0029718E /* SignUpPasswordViewController.swift in Sources */ = {isa = PBXBuildFile; fileRef = AAC7949B2693D1AA0029718E /* SignUpPasswordViewController.swift */; };
		AAC794A22694DC030029718E /* ProfileViewController.swift in Sources */ = {isa = PBXBuildFile; fileRef = AAC794A12694DC030029718E /* ProfileViewController.swift */; };
		AAC794A42694F7A20029718E /* ProfileTableViewCell.swift in Sources */ = {isa = PBXBuildFile; fileRef = AAC794A32694F7A10029718E /* ProfileTableViewCell.swift */; };
		AACAC853268525A9002E9E43 /* GlobalFunctions.swift in Sources */ = {isa = PBXBuildFile; fileRef = AACAC852268525A9002E9E43 /* GlobalFunctions.swift */; };
		AACD2E2D26C2FDEB003A2408 /* BucketsPostsViewController.swift in Sources */ = {isa = PBXBuildFile; fileRef = AACD2E2C26C2FDEB003A2408 /* BucketsPostsViewController.swift */; };
		AADB76E72697A00C00230479 /* BucketItemTableViewCell.swift in Sources */ = {isa = PBXBuildFile; fileRef = AADB76E62697A00C00230479 /* BucketItemTableViewCell.swift */; };
		EA2F64BF268D04D500AD2619 /* BucketListTableViewController.swift in Sources */ = {isa = PBXBuildFile; fileRef = EA2F64BE268D04D500AD2619 /* BucketListTableViewController.swift */; };
		EA2F64C1268D04E700AD2619 /* BucketDetailViewController.swift in Sources */ = {isa = PBXBuildFile; fileRef = EA2F64C0268D04E700AD2619 /* BucketDetailViewController.swift */; };
		EA2F64C8268E25B800AD2619 /* PostCommentsTableViewCell.swift in Sources */ = {isa = PBXBuildFile; fileRef = EA2F64C7268E25B800AD2619 /* PostCommentsTableViewCell.swift */; };
		EA2F64CA268E31EA00AD2619 /* NetworkError.swift in Sources */ = {isa = PBXBuildFile; fileRef = EA2F64C9268E31EA00AD2619 /* NetworkError.swift */; };
		EA2F64CE268E607900AD2619 /* BucketItemTableViewController.swift in Sources */ = {isa = PBXBuildFile; fileRef = EA2F64CD268E607900AD2619 /* BucketItemTableViewController.swift */; };
		EA5C90672683EEA3008BE058 /* GoogleService-Info.plist in Resources */ = {isa = PBXBuildFile; fileRef = EA5C90662683EEA3008BE058 /* GoogleService-Info.plist */; };
		EAEFFF02269621420052F80B /* BucketFirebaseFunctions.swift in Sources */ = {isa = PBXBuildFile; fileRef = EAEFFF01269621420052F80B /* BucketFirebaseFunctions.swift */; };
		EAEFFF04269622770052F80B /* ImageCacheController.swift in Sources */ = {isa = PBXBuildFile; fileRef = EAEFFF03269622770052F80B /* ImageCacheController.swift */; };
		EAEFFF0626979D4C0052F80B /* SearchBar.storyboard in Resources */ = {isa = PBXBuildFile; fileRef = EAEFFF0526979D4B0052F80B /* SearchBar.storyboard */; };
/* End PBXBuildFile section */

/* Begin PBXFileReference section */
		697358B0268B8CF500E17FC1 /* ConversationTableViewCell.swift */ = {isa = PBXFileReference; lastKnownFileType = sourcecode.swift; path = ConversationTableViewCell.swift; sourceTree = "<group>"; };
		9A2D612A268507AB00424AE4 /* FriendsListTableViewController.swift */ = {isa = PBXFileReference; lastKnownFileType = sourcecode.swift; path = FriendsListTableViewController.swift; sourceTree = "<group>"; };
		9A2D612E26852D5100424AE4 /* Friend.swift */ = {isa = PBXFileReference; lastKnownFileType = sourcecode.swift; path = Friend.swift; sourceTree = "<group>"; };
		9A2D613026862D1000424AE4 /* FriendsListTableViewCell.swift */ = {isa = PBXFileReference; lastKnownFileType = sourcecode.swift; path = FriendsListTableViewCell.swift; sourceTree = "<group>"; };
		9A31F38C26977DE2006470CB /* Friends.storyboard */ = {isa = PBXFileReference; lastKnownFileType = file.storyboard; path = Friends.storyboard; sourceTree = "<group>"; };
		9A4056C2268BB7B200307C77 /* SearchUserTableViewController.swift */ = {isa = PBXFileReference; lastKnownFileType = sourcecode.swift; path = SearchUserTableViewController.swift; sourceTree = "<group>"; };
		AA02FF7526810500004EA782 /* BucketList.app */ = {isa = PBXFileReference; explicitFileType = wrapper.application; includeInIndex = 0; path = BucketList.app; sourceTree = BUILT_PRODUCTS_DIR; };
		AA02FF7826810500004EA782 /* AppDelegate.swift */ = {isa = PBXFileReference; lastKnownFileType = sourcecode.swift; path = AppDelegate.swift; sourceTree = "<group>"; };
		AA02FF7A26810500004EA782 /* SceneDelegate.swift */ = {isa = PBXFileReference; lastKnownFileType = sourcecode.swift; path = SceneDelegate.swift; sourceTree = "<group>"; };
		AA02FF8126810501004EA782 /* Assets.xcassets */ = {isa = PBXFileReference; lastKnownFileType = folder.assetcatalog; path = Assets.xcassets; sourceTree = "<group>"; };
		AA02FF8426810501004EA782 /* Base */ = {isa = PBXFileReference; lastKnownFileType = file.storyboard; name = Base; path = Base.lproj/LaunchScreen.storyboard; sourceTree = "<group>"; };
		AA02FF8626810501004EA782 /* Info.plist */ = {isa = PBXFileReference; lastKnownFileType = text.plist.xml; path = Info.plist; sourceTree = "<group>"; };
		AA25B4F626814A5300B0E13F /* SignUpFinalViewController.swift */ = {isa = PBXFileReference; lastKnownFileType = sourcecode.swift; path = SignUpFinalViewController.swift; sourceTree = "<group>"; };
		AA25B503268156F400B0E13F /* LoginViewController.swift */ = {isa = PBXFileReference; lastKnownFileType = sourcecode.swift; path = LoginViewController.swift; sourceTree = "<group>"; };
		AA25B510268250B500B0E13F /* FirebaseFunctions.swift */ = {isa = PBXFileReference; fileEncoding = 4; lastKnownFileType = sourcecode.swift; path = FirebaseFunctions.swift; sourceTree = "<group>"; };
		AA25B511268250B500B0E13F /* PasswordValidator.swift */ = {isa = PBXFileReference; fileEncoding = 4; lastKnownFileType = sourcecode.swift; path = PasswordValidator.swift; sourceTree = "<group>"; };
		AA25B51F26838B4200B0E13F /* FriendsList.swift */ = {isa = PBXFileReference; lastKnownFileType = sourcecode.swift; path = FriendsList.swift; sourceTree = "<group>"; };
		AA25B5212683E2B200B0E13F /* ConversationController.swift */ = {isa = PBXFileReference; lastKnownFileType = sourcecode.swift; path = ConversationController.swift; sourceTree = "<group>"; };
		AA25B5252683E32B00B0E13F /* Conversation.swift */ = {isa = PBXFileReference; lastKnownFileType = sourcecode.swift; path = Conversation.swift; sourceTree = "<group>"; };
		AA25B5272683E42800B0E13F /* ConversationCreationTableViewController.swift */ = {isa = PBXFileReference; lastKnownFileType = sourcecode.swift; path = ConversationCreationTableViewController.swift; sourceTree = "<group>"; };
		AA25B5292683E44400B0E13F /* ConversationMessageViewController.swift */ = {isa = PBXFileReference; lastKnownFileType = sourcecode.swift; path = ConversationMessageViewController.swift; sourceTree = "<group>"; };
		AA25B52B2683E58200B0E13F /* FriendsListModelController.swift */ = {isa = PBXFileReference; lastKnownFileType = sourcecode.swift; path = FriendsListModelController.swift; sourceTree = "<group>"; };
		AA25B52F2683E8A300B0E13F /* Post.swift */ = {isa = PBXFileReference; lastKnownFileType = sourcecode.swift; path = Post.swift; sourceTree = "<group>"; };
		AA25B5342683E93700B0E13F /* CreatePostViewController.swift */ = {isa = PBXFileReference; lastKnownFileType = sourcecode.swift; path = CreatePostViewController.swift; sourceTree = "<group>"; };
		AA25B5362683E96400B0E13F /* FeedTableViewController.swift */ = {isa = PBXFileReference; lastKnownFileType = sourcecode.swift; path = FeedTableViewController.swift; sourceTree = "<group>"; };
		AA25B5382683E99900B0E13F /* NewPost.storyboard */ = {isa = PBXFileReference; fileEncoding = 4; lastKnownFileType = file.storyboard; path = NewPost.storyboard; sourceTree = "<group>"; };
		AA25B53B2683E9FF00B0E13F /* FeedTableViewCell.swift */ = {isa = PBXFileReference; lastKnownFileType = sourcecode.swift; path = FeedTableViewCell.swift; sourceTree = "<group>"; };
		AA349494268CE57D00467C0C /* ProfileDetail.storyboard */ = {isa = PBXFileReference; lastKnownFileType = file.storyboard; path = ProfileDetail.storyboard; sourceTree = "<group>"; };
		AA349496268CF30A00467C0C /* AddBlockReportViewController.swift */ = {isa = PBXFileReference; lastKnownFileType = sourcecode.swift; path = AddBlockReportViewController.swift; sourceTree = "<group>"; };
		AA41B6D126C307CA00D518F9 /* BucketItemsPostViewController.swift */ = {isa = PBXFileReference; lastKnownFileType = sourcecode.swift; path = BucketItemsPostViewController.swift; sourceTree = "<group>"; };
		AA524EA6268A28EA00DF39D4 /* BucketItTableViewController.swift */ = {isa = PBXFileReference; lastKnownFileType = sourcecode.swift; path = BucketItTableViewController.swift; sourceTree = "<group>"; };
		AA524EAC268A6D7300DF39D4 /* BucketItem.swift */ = {isa = PBXFileReference; lastKnownFileType = sourcecode.swift; path = BucketItem.swift; sourceTree = "<group>"; };
		AA67204B268107A2003D43A0 /* Authenticate.storyboard */ = {isa = PBXFileReference; lastKnownFileType = file.storyboard; path = Authenticate.storyboard; sourceTree = "<group>"; };
		AA67204F268107AD003D43A0 /* gavin.storyboard */ = {isa = PBXFileReference; lastKnownFileType = file.storyboard; path = gavin.storyboard; sourceTree = "<group>"; };
		AA672051268107B4003D43A0 /* justin.storyboard */ = {isa = PBXFileReference; lastKnownFileType = file.storyboard; path = justin.storyboard; sourceTree = "<group>"; };
		AA6EBBDF268F83DB0087EA34 /* EditPost.storyboard */ = {isa = PBXFileReference; lastKnownFileType = file.storyboard; path = EditPost.storyboard; sourceTree = "<group>"; };
		AA6EBBE1268F85280087EA34 /* EditPostViewController.swift */ = {isa = PBXFileReference; lastKnownFileType = sourcecode.swift; path = EditPostViewController.swift; sourceTree = "<group>"; };
		AA6EBBE6268FA9590087EA34 /* PostDetail.storyboard */ = {isa = PBXFileReference; lastKnownFileType = file.storyboard; path = PostDetail.storyboard; sourceTree = "<group>"; };
		AA8E96A226810D03003DC8DA /* ConversationListTableViewController.swift */ = {isa = PBXFileReference; lastKnownFileType = sourcecode.swift; path = ConversationListTableViewController.swift; sourceTree = "<group>"; };
		AA8E96AA26810D68003DC8DA /* User.swift */ = {isa = PBXFileReference; lastKnownFileType = sourcecode.swift; path = User.swift; sourceTree = "<group>"; };
		AA8E96AC26810D6F003DC8DA /* Bucket.swift */ = {isa = PBXFileReference; lastKnownFileType = sourcecode.swift; path = Bucket.swift; sourceTree = "<group>"; };
		AA954C53268658E4000C22F7 /* PostViewController.swift */ = {isa = PBXFileReference; lastKnownFileType = sourcecode.swift; path = PostViewController.swift; sourceTree = "<group>"; };
		AA954C572686A488000C22F7 /* NewBucket.storyboard */ = {isa = PBXFileReference; lastKnownFileType = file.storyboard; path = NewBucket.storyboard; sourceTree = "<group>"; };
		AAC79493269363D30029718E /* CommentModel.swift */ = {isa = PBXFileReference; lastKnownFileType = sourcecode.swift; path = CommentModel.swift; sourceTree = "<group>"; };
		AAC794952693C71C0029718E /* DateFormatter.swift */ = {isa = PBXFileReference; lastKnownFileType = sourcecode.swift; path = DateFormatter.swift; sourceTree = "<group>"; };
		AAC794972693D1720029718E /* SignUpPersonalViewController.swift */ = {isa = PBXFileReference; lastKnownFileType = sourcecode.swift; path = SignUpPersonalViewController.swift; sourceTree = "<group>"; };
		AAC794992693D18F0029718E /* SignUpEmailViewController.swift */ = {isa = PBXFileReference; lastKnownFileType = sourcecode.swift; path = SignUpEmailViewController.swift; sourceTree = "<group>"; };
		AAC7949B2693D1AA0029718E /* SignUpPasswordViewController.swift */ = {isa = PBXFileReference; lastKnownFileType = sourcecode.swift; path = SignUpPasswordViewController.swift; sourceTree = "<group>"; };
		AAC794A12694DC030029718E /* ProfileViewController.swift */ = {isa = PBXFileReference; lastKnownFileType = sourcecode.swift; path = ProfileViewController.swift; sourceTree = "<group>"; };
		AAC794A32694F7A10029718E /* ProfileTableViewCell.swift */ = {isa = PBXFileReference; lastKnownFileType = sourcecode.swift; path = ProfileTableViewCell.swift; sourceTree = "<group>"; };
		AACAC852268525A9002E9E43 /* GlobalFunctions.swift */ = {isa = PBXFileReference; lastKnownFileType = sourcecode.swift; path = GlobalFunctions.swift; sourceTree = "<group>"; };
		AACD2E2C26C2FDEB003A2408 /* BucketsPostsViewController.swift */ = {isa = PBXFileReference; lastKnownFileType = sourcecode.swift; path = BucketsPostsViewController.swift; sourceTree = "<group>"; };
		AADB76E62697A00C00230479 /* BucketItemTableViewCell.swift */ = {isa = PBXFileReference; lastKnownFileType = sourcecode.swift; path = BucketItemTableViewCell.swift; sourceTree = "<group>"; };
		C3188C93C2B51D68B5DDF585 /* Pods-BucketList.release.xcconfig */ = {isa = PBXFileReference; includeInIndex = 1; lastKnownFileType = text.xcconfig; name = "Pods-BucketList.release.xcconfig"; path = "Target Support Files/Pods-BucketList/Pods-BucketList.release.xcconfig"; sourceTree = "<group>"; };
		D3317EECED0B32C26F983252 /* Pods_BucketList.framework */ = {isa = PBXFileReference; explicitFileType = wrapper.framework; includeInIndex = 0; path = Pods_BucketList.framework; sourceTree = BUILT_PRODUCTS_DIR; };
		EA2F64BE268D04D500AD2619 /* BucketListTableViewController.swift */ = {isa = PBXFileReference; fileEncoding = 4; lastKnownFileType = sourcecode.swift; path = BucketListTableViewController.swift; sourceTree = "<group>"; };
		EA2F64C0268D04E700AD2619 /* BucketDetailViewController.swift */ = {isa = PBXFileReference; fileEncoding = 4; lastKnownFileType = sourcecode.swift; path = BucketDetailViewController.swift; sourceTree = "<group>"; };
		EA2F64C7268E25B800AD2619 /* PostCommentsTableViewCell.swift */ = {isa = PBXFileReference; lastKnownFileType = sourcecode.swift; path = PostCommentsTableViewCell.swift; sourceTree = "<group>"; };
		EA2F64C9268E31EA00AD2619 /* NetworkError.swift */ = {isa = PBXFileReference; lastKnownFileType = sourcecode.swift; path = NetworkError.swift; sourceTree = "<group>"; };
		EA2F64CD268E607900AD2619 /* BucketItemTableViewController.swift */ = {isa = PBXFileReference; lastKnownFileType = sourcecode.swift; path = BucketItemTableViewController.swift; sourceTree = "<group>"; };
		EA5C90662683EEA3008BE058 /* GoogleService-Info.plist */ = {isa = PBXFileReference; fileEncoding = 4; lastKnownFileType = text.plist.xml; path = "GoogleService-Info.plist"; sourceTree = "<group>"; };
		EAEFFF01269621420052F80B /* BucketFirebaseFunctions.swift */ = {isa = PBXFileReference; fileEncoding = 4; lastKnownFileType = sourcecode.swift; path = BucketFirebaseFunctions.swift; sourceTree = "<group>"; };
		EAEFFF03269622770052F80B /* ImageCacheController.swift */ = {isa = PBXFileReference; lastKnownFileType = sourcecode.swift; path = ImageCacheController.swift; sourceTree = "<group>"; };
		EAEFFF0526979D4B0052F80B /* SearchBar.storyboard */ = {isa = PBXFileReference; lastKnownFileType = file.storyboard; path = SearchBar.storyboard; sourceTree = "<group>"; };
		F53BB64563576D97B8BB2B09 /* Pods-BucketList.debug.xcconfig */ = {isa = PBXFileReference; includeInIndex = 1; lastKnownFileType = text.xcconfig; name = "Pods-BucketList.debug.xcconfig"; path = "Target Support Files/Pods-BucketList/Pods-BucketList.debug.xcconfig"; sourceTree = "<group>"; };
/* End PBXFileReference section */

/* Begin PBXFrameworksBuildPhase section */
		AA02FF7226810500004EA782 /* Frameworks */ = {
			isa = PBXFrameworksBuildPhase;
			buildActionMask = 2147483647;
			files = (
				489ECAB506C4C2954E3D2D2E /* Pods_BucketList.framework in Frameworks */,
			);
			runOnlyForDeploymentPostprocessing = 0;
		};
/* End PBXFrameworksBuildPhase section */

/* Begin PBXGroup section */
		01B0B24AD8A5176255993367 /* Frameworks */ = {
			isa = PBXGroup;
			children = (
				D3317EECED0B32C26F983252 /* Pods_BucketList.framework */,
			);
			name = Frameworks;
			sourceTree = "<group>";
		};
		9A31F38B26977DC9006470CB /* Friends */ = {
			isa = PBXGroup;
			children = (
				9A31F38C26977DE2006470CB /* Friends.storyboard */,
			);
			path = Friends;
			sourceTree = "<group>";
		};
		AA02FF6C26810500004EA782 = {
			isa = PBXGroup;
			children = (
				AA02FF7726810500004EA782 /* BucketList */,
				AA02FF7626810500004EA782 /* Products */,
				ECE8AD985990C774F3D4A6FD /* Pods */,
				01B0B24AD8A5176255993367 /* Frameworks */,
				EA2F64BA268CCC8700AD2619 /* Recovered References */,
			);
			sourceTree = "<group>";
		};
		AA02FF7626810500004EA782 /* Products */ = {
			isa = PBXGroup;
			children = (
				AA02FF7526810500004EA782 /* BucketList.app */,
			);
			name = Products;
			sourceTree = "<group>";
		};
		AA02FF7726810500004EA782 /* BucketList */ = {
			isa = PBXGroup;
			children = (
				EA5C90662683EEA3008BE058 /* GoogleService-Info.plist */,
				AA8E96A926810D4F003DC8DA /* Models */,
				AA8E96AE26810DAD003DC8DA /* Model Controllers */,
				AA8E969926810C38003DC8DA /* View Controllers */,
				AA67204A26810709003D43A0 /* Storyboards */,
				AA25B4FC26814ADF00B0E13F /* Helpers */,
				AA02FF8C2681051C004EA782 /* Resources */,
			);
			path = BucketList;
			sourceTree = "<group>";
		};
		AA02FF8C2681051C004EA782 /* Resources */ = {
			isa = PBXGroup;
			children = (
				AA02FF7826810500004EA782 /* AppDelegate.swift */,
				AA02FF7A26810500004EA782 /* SceneDelegate.swift */,
				AA02FF8126810501004EA782 /* Assets.xcassets */,
				AA02FF8626810501004EA782 /* Info.plist */,
			);
			path = Resources;
			sourceTree = "<group>";
		};
		AA25B4FC26814ADF00B0E13F /* Helpers */ = {
			isa = PBXGroup;
			children = (
				EAEFFF01269621420052F80B /* BucketFirebaseFunctions.swift */,
				AA25B510268250B500B0E13F /* FirebaseFunctions.swift */,
				AA25B511268250B500B0E13F /* PasswordValidator.swift */,
				AACAC852268525A9002E9E43 /* GlobalFunctions.swift */,
				EA2F64C9268E31EA00AD2619 /* NetworkError.swift */,
				AAC794952693C71C0029718E /* DateFormatter.swift */,
			);
			path = Helpers;
			sourceTree = "<group>";
		};
		AA25B5332683E92900B0E13F /* Feed */ = {
			isa = PBXGroup;
			children = (
				AA25B5362683E96400B0E13F /* FeedTableViewController.swift */,
			);
			path = Feed;
			sourceTree = "<group>";
		};
		AA25B53A2683E9D400B0E13F /* Custom Cells */ = {
			isa = PBXGroup;
			children = (
				AA6EBBE9268FAE690087EA34 /* Post Cells */,
				AAC794A32694F7A10029718E /* ProfileTableViewCell.swift */,
				AA25B53B2683E9FF00B0E13F /* FeedTableViewCell.swift */,
				697358B0268B8CF500E17FC1 /* ConversationTableViewCell.swift */,
			);
			path = "Custom Cells";
			sourceTree = "<group>";
		};
		AA67204A26810709003D43A0 /* Storyboards */ = {
			isa = PBXGroup;
			children = (
				9A31F38B26977DC9006470CB /* Friends */,
				AA6EBBE3268F85970087EA34 /* Posts Storyboards */,
				AA6EBBEA268FAE9B0087EA34 /* Feed Storyboards */,
				AA6EBBEB268FAEAB0087EA34 /* Conversation Storyboards */,
				AA954C572686A488000C22F7 /* NewBucket.storyboard */,
				AA67204B268107A2003D43A0 /* Authenticate.storyboard */,
				AA02FF8326810501004EA782 /* LaunchScreen.storyboard */,
				AA349494268CE57D00467C0C /* ProfileDetail.storyboard */,
			);
			path = Storyboards;
			sourceTree = "<group>";
		};
		AA6EBBE3268F85970087EA34 /* Posts Storyboards */ = {
			isa = PBXGroup;
			children = (
				AA25B5382683E99900B0E13F /* NewPost.storyboard */,
				AA6EBBDF268F83DB0087EA34 /* EditPost.storyboard */,
				AA6EBBE6268FA9590087EA34 /* PostDetail.storyboard */,
			);
			path = "Posts Storyboards";
			sourceTree = "<group>";
		};
		AA6EBBE9268FAE690087EA34 /* Post Cells */ = {
			isa = PBXGroup;
			children = (
				EA2F64C7268E25B800AD2619 /* PostCommentsTableViewCell.swift */,
			);
			path = "Post Cells";
			sourceTree = "<group>";
		};
		AA6EBBEA268FAE9B0087EA34 /* Feed Storyboards */ = {
			isa = PBXGroup;
			children = (
				AA67204F268107AD003D43A0 /* gavin.storyboard */,
				EAEFFF0526979D4B0052F80B /* SearchBar.storyboard */,
			);
			path = "Feed Storyboards";
			sourceTree = "<group>";
		};
		AA6EBBEB268FAEAB0087EA34 /* Conversation Storyboards */ = {
			isa = PBXGroup;
			children = (
				AA672051268107B4003D43A0 /* justin.storyboard */,
			);
			path = "Conversation Storyboards";
			sourceTree = "<group>";
		};
		AA8E969926810C38003DC8DA /* View Controllers */ = {
			isa = PBXGroup;
			children = (
				AA25B53A2683E9D400B0E13F /* Custom Cells */,
				AACAC8542686529A002E9E43 /* Post */,
				AA25B5332683E92900B0E13F /* Feed */,
				AACD2E2E26C2FDEF003A2408 /* Profile */,
				AA8E96A626810D0B003DC8DA /* Friends */,
				AA8E969D26810CB8003DC8DA /* Buckets */,
				AA8E969B26810C96003DC8DA /* Messages */,
				AA8E969A26810C8F003DC8DA /* Login */,
			);
			path = "View Controllers";
			sourceTree = "<group>";
		};
		AA8E969A26810C8F003DC8DA /* Login */ = {
			isa = PBXGroup;
			children = (
				AA25B503268156F400B0E13F /* LoginViewController.swift */,
				AAC794972693D1720029718E /* SignUpPersonalViewController.swift */,
				AAC794992693D18F0029718E /* SignUpEmailViewController.swift */,
				AAC7949B2693D1AA0029718E /* SignUpPasswordViewController.swift */,
				AA25B4F626814A5300B0E13F /* SignUpFinalViewController.swift */,
			);
			path = Login;
			sourceTree = "<group>";
		};
		AA8E969B26810C96003DC8DA /* Messages */ = {
			isa = PBXGroup;
			children = (
				AA8E96A226810D03003DC8DA /* ConversationListTableViewController.swift */,
				AA25B5272683E42800B0E13F /* ConversationCreationTableViewController.swift */,
				AA25B5292683E44400B0E13F /* ConversationMessageViewController.swift */,
			);
			path = Messages;
			sourceTree = "<group>";
		};
		AA8E969D26810CB8003DC8DA /* Buckets */ = {
			isa = PBXGroup;
			children = (
				EA2F64BE268D04D500AD2619 /* BucketListTableViewController.swift */,
				EA2F64C0268D04E700AD2619 /* BucketDetailViewController.swift */,
				EA2F64CD268E607900AD2619 /* BucketItemTableViewController.swift */,
				AADB76E62697A00C00230479 /* BucketItemTableViewCell.swift */,
			);
			path = Buckets;
			sourceTree = "<group>";
		};
		AA8E96A626810D0B003DC8DA /* Friends */ = {
			isa = PBXGroup;
			children = (
				9A2D612A268507AB00424AE4 /* FriendsListTableViewController.swift */,
				9A2D613026862D1000424AE4 /* FriendsListTableViewCell.swift */,
				9A4056C2268BB7B200307C77 /* SearchUserTableViewController.swift */,
				AA349496268CF30A00467C0C /* AddBlockReportViewController.swift */,
			);
			path = Friends;
			sourceTree = "<group>";
		};
		AA8E96A926810D4F003DC8DA /* Models */ = {
			isa = PBXGroup;
			children = (
				AA8E96AA26810D68003DC8DA /* User.swift */,
				AA8E96AC26810D6F003DC8DA /* Bucket.swift */,
				AA25B51F26838B4200B0E13F /* FriendsList.swift */,
				AA25B5252683E32B00B0E13F /* Conversation.swift */,
				AA25B52F2683E8A300B0E13F /* Post.swift */,
				9A2D612E26852D5100424AE4 /* Friend.swift */,
				AA524EAC268A6D7300DF39D4 /* BucketItem.swift */,
				AAC79493269363D30029718E /* CommentModel.swift */,
			);
			path = Models;
			sourceTree = "<group>";
		};
		AA8E96AE26810DAD003DC8DA /* Model Controllers */ = {
			isa = PBXGroup;
			children = (
				AA25B5212683E2B200B0E13F /* ConversationController.swift */,
				AA25B52B2683E58200B0E13F /* FriendsListModelController.swift */,
				EAEFFF03269622770052F80B /* ImageCacheController.swift */,
			);
			path = "Model Controllers";
			sourceTree = "<group>";
		};
		AACAC8542686529A002E9E43 /* Post */ = {
			isa = PBXGroup;
			children = (
				AA25B5342683E93700B0E13F /* CreatePostViewController.swift */,
				AA6EBBE1268F85280087EA34 /* EditPostViewController.swift */,
				AA954C53268658E4000C22F7 /* PostViewController.swift */,
				AA524EA6268A28EA00DF39D4 /* BucketItTableViewController.swift */,
			);
			path = Post;
			sourceTree = "<group>";
		};
		AACD2E2E26C2FDEF003A2408 /* Profile */ = {
			isa = PBXGroup;
			children = (
				AAC794A12694DC030029718E /* ProfileViewController.swift */,
				AACD2E2C26C2FDEB003A2408 /* BucketsPostsViewController.swift */,
				AA41B6D126C307CA00D518F9 /* BucketItemsPostViewController.swift */,
			);
			path = Profile;
			sourceTree = "<group>";
		};
		EA2F64BA268CCC8700AD2619 /* Recovered References */ = {
			isa = PBXGroup;
			children = (
			);
			name = "Recovered References";
			sourceTree = "<group>";
		};
		ECE8AD985990C774F3D4A6FD /* Pods */ = {
			isa = PBXGroup;
			children = (
				F53BB64563576D97B8BB2B09 /* Pods-BucketList.debug.xcconfig */,
				C3188C93C2B51D68B5DDF585 /* Pods-BucketList.release.xcconfig */,
			);
			path = Pods;
			sourceTree = "<group>";
		};
/* End PBXGroup section */

/* Begin PBXNativeTarget section */
		AA02FF7426810500004EA782 /* BucketList */ = {
			isa = PBXNativeTarget;
			buildConfigurationList = AA02FF8926810501004EA782 /* Build configuration list for PBXNativeTarget "BucketList" */;
			buildPhases = (
				5742F93FCC0FCA0E59DDFDD6 /* [CP] Check Pods Manifest.lock */,
				AA02FF7126810500004EA782 /* Sources */,
				AA02FF7226810500004EA782 /* Frameworks */,
				AA02FF7326810500004EA782 /* Resources */,
				51117066E92166892CE3CC40 /* [CP] Embed Pods Frameworks */,
			);
			buildRules = (
			);
			dependencies = (
			);
			name = BucketList;
			productName = BucketList;
			productReference = AA02FF7526810500004EA782 /* BucketList.app */;
			productType = "com.apple.product-type.application";
		};
/* End PBXNativeTarget section */

/* Begin PBXProject section */
		AA02FF6D26810500004EA782 /* Project object */ = {
			isa = PBXProject;
			attributes = {
				LastSwiftUpdateCheck = 1250;
				LastUpgradeCheck = 1250;
				TargetAttributes = {
					AA02FF7426810500004EA782 = {
						CreatedOnToolsVersion = 12.5;
					};
				};
			};
			buildConfigurationList = AA02FF7026810500004EA782 /* Build configuration list for PBXProject "BucketList" */;
			compatibilityVersion = "Xcode 9.3";
			developmentRegion = en;
			hasScannedForEncodings = 0;
			knownRegions = (
				en,
				Base,
			);
			mainGroup = AA02FF6C26810500004EA782;
			productRefGroup = AA02FF7626810500004EA782 /* Products */;
			projectDirPath = "";
			projectRoot = "";
			targets = (
				AA02FF7426810500004EA782 /* BucketList */,
			);
		};
/* End PBXProject section */

/* Begin PBXResourcesBuildPhase section */
		AA02FF7326810500004EA782 /* Resources */ = {
			isa = PBXResourcesBuildPhase;
			buildActionMask = 2147483647;
			files = (
				9A31F38D26977DE2006470CB /* Friends.storyboard in Resources */,
				AA25B5392683E99900B0E13F /* NewPost.storyboard in Resources */,
				AA02FF8526810501004EA782 /* LaunchScreen.storyboard in Resources */,
				AA6EBBE7268FA9590087EA34 /* PostDetail.storyboard in Resources */,
				AA6EBBE0268F83DB0087EA34 /* EditPost.storyboard in Resources */,
				AA672050268107AD003D43A0 /* gavin.storyboard in Resources */,
				AA02FF8226810501004EA782 /* Assets.xcassets in Resources */,
				AA672052268107B4003D43A0 /* justin.storyboard in Resources */,
				AA954C582686A488000C22F7 /* NewBucket.storyboard in Resources */,
				EA5C90672683EEA3008BE058 /* GoogleService-Info.plist in Resources */,
				AA349495268CE57D00467C0C /* ProfileDetail.storyboard in Resources */,
				EAEFFF0626979D4C0052F80B /* SearchBar.storyboard in Resources */,
				AA67204C268107A2003D43A0 /* Authenticate.storyboard in Resources */,
			);
			runOnlyForDeploymentPostprocessing = 0;
		};
/* End PBXResourcesBuildPhase section */

/* Begin PBXShellScriptBuildPhase section */
		51117066E92166892CE3CC40 /* [CP] Embed Pods Frameworks */ = {
			isa = PBXShellScriptBuildPhase;
			buildActionMask = 2147483647;
			files = (
			);
			inputFileListPaths = (
				"${PODS_ROOT}/Target Support Files/Pods-BucketList/Pods-BucketList-frameworks-${CONFIGURATION}-input-files.xcfilelist",
			);
			name = "[CP] Embed Pods Frameworks";
			outputFileListPaths = (
				"${PODS_ROOT}/Target Support Files/Pods-BucketList/Pods-BucketList-frameworks-${CONFIGURATION}-output-files.xcfilelist",
			);
			runOnlyForDeploymentPostprocessing = 0;
			shellPath = /bin/sh;
			shellScript = "\"${PODS_ROOT}/Target Support Files/Pods-BucketList/Pods-BucketList-frameworks.sh\"\n";
			showEnvVarsInLog = 0;
		};
		5742F93FCC0FCA0E59DDFDD6 /* [CP] Check Pods Manifest.lock */ = {
			isa = PBXShellScriptBuildPhase;
			buildActionMask = 2147483647;
			files = (
			);
			inputFileListPaths = (
			);
			inputPaths = (
				"${PODS_PODFILE_DIR_PATH}/Podfile.lock",
				"${PODS_ROOT}/Manifest.lock",
			);
			name = "[CP] Check Pods Manifest.lock";
			outputFileListPaths = (
			);
			outputPaths = (
				"$(DERIVED_FILE_DIR)/Pods-BucketList-checkManifestLockResult.txt",
			);
			runOnlyForDeploymentPostprocessing = 0;
			shellPath = /bin/sh;
			shellScript = "diff \"${PODS_PODFILE_DIR_PATH}/Podfile.lock\" \"${PODS_ROOT}/Manifest.lock\" > /dev/null\nif [ $? != 0 ] ; then\n    # print error to STDERR\n    echo \"error: The sandbox is not in sync with the Podfile.lock. Run 'pod install' or update your CocoaPods installation.\" >&2\n    exit 1\nfi\n# This output is used by Xcode 'outputs' to avoid re-running this script phase.\necho \"SUCCESS\" > \"${SCRIPT_OUTPUT_FILE_0}\"\n";
			showEnvVarsInLog = 0;
		};
/* End PBXShellScriptBuildPhase section */

/* Begin PBXSourcesBuildPhase section */
		AA02FF7126810500004EA782 /* Sources */ = {
			isa = PBXSourcesBuildPhase;
			buildActionMask = 2147483647;
			files = (
				9A4056C3268BB7B200307C77 /* SearchUserTableViewController.swift in Sources */,
				AA954C54268658E4000C22F7 /* PostViewController.swift in Sources */,
				AA25B5352683E93700B0E13F /* CreatePostViewController.swift in Sources */,
				EA2F64BF268D04D500AD2619 /* BucketListTableViewController.swift in Sources */,
				EAEFFF02269621420052F80B /* BucketFirebaseFunctions.swift in Sources */,
				EA2F64CE268E607900AD2619 /* BucketItemTableViewController.swift in Sources */,
				AACAC853268525A9002E9E43 /* GlobalFunctions.swift in Sources */,
				AA25B4F726814A5300B0E13F /* SignUpFinalViewController.swift in Sources */,
				AAC7949A2693D18F0029718E /* SignUpEmailViewController.swift in Sources */,
				AA8E96A326810D03003DC8DA /* ConversationListTableViewController.swift in Sources */,
				AACD2E2D26C2FDEB003A2408 /* BucketsPostsViewController.swift in Sources */,
				AAC794A42694F7A20029718E /* ProfileTableViewCell.swift in Sources */,
				AA25B52A2683E44400B0E13F /* ConversationMessageViewController.swift in Sources */,
				AA25B5282683E42800B0E13F /* ConversationCreationTableViewController.swift in Sources */,
				AA6EBBE2268F85280087EA34 /* EditPostViewController.swift in Sources */,
				AA25B52026838B4200B0E13F /* FriendsList.swift in Sources */,
				AA02FF7926810500004EA782 /* AppDelegate.swift in Sources */,
				AA8E96AB26810D68003DC8DA /* User.swift in Sources */,
				AA41B6D226C307CA00D518F9 /* BucketItemsPostViewController.swift in Sources */,
				AAC794962693C71C0029718E /* DateFormatter.swift in Sources */,
				AA349497268CF30A00467C0C /* AddBlockReportViewController.swift in Sources */,
				AA25B513268250B500B0E13F /* PasswordValidator.swift in Sources */,
				EA2F64C8268E25B800AD2619 /* PostCommentsTableViewCell.swift in Sources */,
				AA25B5302683E8A300B0E13F /* Post.swift in Sources */,
				AA25B5372683E96400B0E13F /* FeedTableViewController.swift in Sources */,
				EA2F64C1268D04E700AD2619 /* BucketDetailViewController.swift in Sources */,
				9A2D613126862D1000424AE4 /* FriendsListTableViewCell.swift in Sources */,
				AA25B53C2683E9FF00B0E13F /* FeedTableViewCell.swift in Sources */,
				697358B1268B8CF500E17FC1 /* ConversationTableViewCell.swift in Sources */,
				AAC794A22694DC030029718E /* ProfileViewController.swift in Sources */,
				AAC7949C2693D1AA0029718E /* SignUpPasswordViewController.swift in Sources */,
				AA25B5262683E32B00B0E13F /* Conversation.swift in Sources */,
				EA2F64CA268E31EA00AD2619 /* NetworkError.swift in Sources */,
				AAC79494269363D30029718E /* CommentModel.swift in Sources */,
				EAEFFF04269622770052F80B /* ImageCacheController.swift in Sources */,
				AA25B5222683E2B200B0E13F /* ConversationController.swift in Sources */,
				AADB76E72697A00C00230479 /* BucketItemTableViewCell.swift in Sources */,
				AA25B512268250B500B0E13F /* FirebaseFunctions.swift in Sources */,
				AA8E96AD26810D6F003DC8DA /* Bucket.swift in Sources */,
				AAC794982693D1720029718E /* SignUpPersonalViewController.swift in Sources */,
				AA524EAD268A6D7300DF39D4 /* BucketItem.swift in Sources */,
				9A2D612F26852D5100424AE4 /* Friend.swift in Sources */,
				AA25B504268156F400B0E13F /* LoginViewController.swift in Sources */,
				AA524EA7268A28EA00DF39D4 /* BucketItTableViewController.swift in Sources */,
				9A2D612B268507AB00424AE4 /* FriendsListTableViewController.swift in Sources */,
				AA25B52C2683E58200B0E13F /* FriendsListModelController.swift in Sources */,
				AA02FF7B26810500004EA782 /* SceneDelegate.swift in Sources */,
			);
			runOnlyForDeploymentPostprocessing = 0;
		};
/* End PBXSourcesBuildPhase section */

/* Begin PBXVariantGroup section */
		AA02FF8326810501004EA782 /* LaunchScreen.storyboard */ = {
			isa = PBXVariantGroup;
			children = (
				AA02FF8426810501004EA782 /* Base */,
			);
			name = LaunchScreen.storyboard;
			sourceTree = "<group>";
		};
/* End PBXVariantGroup section */

/* Begin XCBuildConfiguration section */
		AA02FF8726810501004EA782 /* Debug */ = {
			isa = XCBuildConfiguration;
			buildSettings = {
				ALWAYS_SEARCH_USER_PATHS = NO;
				CLANG_ANALYZER_NONNULL = YES;
				CLANG_ANALYZER_NUMBER_OBJECT_CONVERSION = YES_AGGRESSIVE;
				CLANG_CXX_LANGUAGE_STANDARD = "gnu++14";
				CLANG_CXX_LIBRARY = "libc++";
				CLANG_ENABLE_MODULES = YES;
				CLANG_ENABLE_OBJC_ARC = YES;
				CLANG_ENABLE_OBJC_WEAK = YES;
				CLANG_WARN_BLOCK_CAPTURE_AUTORELEASING = YES;
				CLANG_WARN_BOOL_CONVERSION = YES;
				CLANG_WARN_COMMA = YES;
				CLANG_WARN_CONSTANT_CONVERSION = YES;
				CLANG_WARN_DEPRECATED_OBJC_IMPLEMENTATIONS = YES;
				CLANG_WARN_DIRECT_OBJC_ISA_USAGE = YES_ERROR;
				CLANG_WARN_DOCUMENTATION_COMMENTS = YES;
				CLANG_WARN_EMPTY_BODY = YES;
				CLANG_WARN_ENUM_CONVERSION = YES;
				CLANG_WARN_INFINITE_RECURSION = YES;
				CLANG_WARN_INT_CONVERSION = YES;
				CLANG_WARN_NON_LITERAL_NULL_CONVERSION = YES;
				CLANG_WARN_OBJC_IMPLICIT_RETAIN_SELF = YES;
				CLANG_WARN_OBJC_LITERAL_CONVERSION = YES;
				CLANG_WARN_OBJC_ROOT_CLASS = YES_ERROR;
				CLANG_WARN_QUOTED_INCLUDE_IN_FRAMEWORK_HEADER = YES;
				CLANG_WARN_RANGE_LOOP_ANALYSIS = YES;
				CLANG_WARN_STRICT_PROTOTYPES = YES;
				CLANG_WARN_SUSPICIOUS_MOVE = YES;
				CLANG_WARN_UNGUARDED_AVAILABILITY = YES_AGGRESSIVE;
				CLANG_WARN_UNREACHABLE_CODE = YES;
				CLANG_WARN__DUPLICATE_METHOD_MATCH = YES;
				COPY_PHASE_STRIP = NO;
				DEBUG_INFORMATION_FORMAT = dwarf;
				ENABLE_STRICT_OBJC_MSGSEND = YES;
				ENABLE_TESTABILITY = YES;
				GCC_C_LANGUAGE_STANDARD = gnu11;
				GCC_DYNAMIC_NO_PIC = NO;
				GCC_NO_COMMON_BLOCKS = YES;
				GCC_OPTIMIZATION_LEVEL = 0;
				GCC_PREPROCESSOR_DEFINITIONS = (
					"DEBUG=1",
					"$(inherited)",
				);
				GCC_WARN_64_TO_32_BIT_CONVERSION = YES;
				GCC_WARN_ABOUT_RETURN_TYPE = YES_ERROR;
				GCC_WARN_UNDECLARED_SELECTOR = YES;
				GCC_WARN_UNINITIALIZED_AUTOS = YES_AGGRESSIVE;
				GCC_WARN_UNUSED_FUNCTION = YES;
				GCC_WARN_UNUSED_VARIABLE = YES;
				IPHONEOS_DEPLOYMENT_TARGET = 14.5;
				MTL_ENABLE_DEBUG_INFO = INCLUDE_SOURCE;
				MTL_FAST_MATH = YES;
				ONLY_ACTIVE_ARCH = YES;
				SDKROOT = iphoneos;
				SWIFT_ACTIVE_COMPILATION_CONDITIONS = DEBUG;
				SWIFT_OPTIMIZATION_LEVEL = "-Onone";
			};
			name = Debug;
		};
		AA02FF8826810501004EA782 /* Release */ = {
			isa = XCBuildConfiguration;
			buildSettings = {
				ALWAYS_SEARCH_USER_PATHS = NO;
				CLANG_ANALYZER_NONNULL = YES;
				CLANG_ANALYZER_NUMBER_OBJECT_CONVERSION = YES_AGGRESSIVE;
				CLANG_CXX_LANGUAGE_STANDARD = "gnu++14";
				CLANG_CXX_LIBRARY = "libc++";
				CLANG_ENABLE_MODULES = YES;
				CLANG_ENABLE_OBJC_ARC = YES;
				CLANG_ENABLE_OBJC_WEAK = YES;
				CLANG_WARN_BLOCK_CAPTURE_AUTORELEASING = YES;
				CLANG_WARN_BOOL_CONVERSION = YES;
				CLANG_WARN_COMMA = YES;
				CLANG_WARN_CONSTANT_CONVERSION = YES;
				CLANG_WARN_DEPRECATED_OBJC_IMPLEMENTATIONS = YES;
				CLANG_WARN_DIRECT_OBJC_ISA_USAGE = YES_ERROR;
				CLANG_WARN_DOCUMENTATION_COMMENTS = YES;
				CLANG_WARN_EMPTY_BODY = YES;
				CLANG_WARN_ENUM_CONVERSION = YES;
				CLANG_WARN_INFINITE_RECURSION = YES;
				CLANG_WARN_INT_CONVERSION = YES;
				CLANG_WARN_NON_LITERAL_NULL_CONVERSION = YES;
				CLANG_WARN_OBJC_IMPLICIT_RETAIN_SELF = YES;
				CLANG_WARN_OBJC_LITERAL_CONVERSION = YES;
				CLANG_WARN_OBJC_ROOT_CLASS = YES_ERROR;
				CLANG_WARN_QUOTED_INCLUDE_IN_FRAMEWORK_HEADER = YES;
				CLANG_WARN_RANGE_LOOP_ANALYSIS = YES;
				CLANG_WARN_STRICT_PROTOTYPES = YES;
				CLANG_WARN_SUSPICIOUS_MOVE = YES;
				CLANG_WARN_UNGUARDED_AVAILABILITY = YES_AGGRESSIVE;
				CLANG_WARN_UNREACHABLE_CODE = YES;
				CLANG_WARN__DUPLICATE_METHOD_MATCH = YES;
				COPY_PHASE_STRIP = NO;
				DEBUG_INFORMATION_FORMAT = "dwarf-with-dsym";
				ENABLE_NS_ASSERTIONS = NO;
				ENABLE_STRICT_OBJC_MSGSEND = YES;
				GCC_C_LANGUAGE_STANDARD = gnu11;
				GCC_NO_COMMON_BLOCKS = YES;
				GCC_WARN_64_TO_32_BIT_CONVERSION = YES;
				GCC_WARN_ABOUT_RETURN_TYPE = YES_ERROR;
				GCC_WARN_UNDECLARED_SELECTOR = YES;
				GCC_WARN_UNINITIALIZED_AUTOS = YES_AGGRESSIVE;
				GCC_WARN_UNUSED_FUNCTION = YES;
				GCC_WARN_UNUSED_VARIABLE = YES;
				IPHONEOS_DEPLOYMENT_TARGET = 14.5;
				MTL_ENABLE_DEBUG_INFO = NO;
				MTL_FAST_MATH = YES;
				SDKROOT = iphoneos;
				SWIFT_COMPILATION_MODE = wholemodule;
				SWIFT_OPTIMIZATION_LEVEL = "-O";
				VALIDATE_PRODUCT = YES;
			};
			name = Release;
		};
		AA02FF8A26810501004EA782 /* Debug */ = {
			isa = XCBuildConfiguration;
			baseConfigurationReference = F53BB64563576D97B8BB2B09 /* Pods-BucketList.debug.xcconfig */;
			buildSettings = {
				ASSETCATALOG_COMPILER_APPICON_NAME = AppIcon;
				ASSETCATALOG_COMPILER_GLOBAL_ACCENT_COLOR_NAME = AccentColor;
				CODE_SIGN_STYLE = Automatic;
				DEVELOPMENT_TEAM = XA96DJZ7VH;
				INFOPLIST_FILE = BucketList/Resources/Info.plist;
				IPHONEOS_DEPLOYMENT_TARGET = 14.5;
				LD_RUNPATH_SEARCH_PATHS = (
					"$(inherited)",
					"@executable_path/Frameworks",
				);
				PRODUCT_BUNDLE_IDENTIFIER = com.Andersen.BucketList;
				PRODUCT_NAME = "$(TARGET_NAME)";
				SWIFT_VERSION = 5.0;
				TARGETED_DEVICE_FAMILY = 1;
			};
			name = Debug;
		};
		AA02FF8B26810501004EA782 /* Release */ = {
			isa = XCBuildConfiguration;
			baseConfigurationReference = C3188C93C2B51D68B5DDF585 /* Pods-BucketList.release.xcconfig */;
			buildSettings = {
				ASSETCATALOG_COMPILER_APPICON_NAME = AppIcon;
				ASSETCATALOG_COMPILER_GLOBAL_ACCENT_COLOR_NAME = AccentColor;
				CODE_SIGN_IDENTITY = "Apple Development";
				CODE_SIGN_STYLE = Automatic;
				DEVELOPMENT_TEAM = XA96DJZ7VH;
				INFOPLIST_FILE = BucketList/Resources/Info.plist;
				IPHONEOS_DEPLOYMENT_TARGET = 14.5;
				LD_RUNPATH_SEARCH_PATHS = (
					"$(inherited)",
					"@executable_path/Frameworks",
				);
				PRODUCT_BUNDLE_IDENTIFIER = com.Andersen.BucketList;
				PRODUCT_NAME = "$(TARGET_NAME)";
				PROVISIONING_PROFILE_SPECIFIER = "";
				SWIFT_VERSION = 5.0;
				TARGETED_DEVICE_FAMILY = 1;
			};
			name = Release;
		};
/* End XCBuildConfiguration section */

/* Begin XCConfigurationList section */
		AA02FF7026810500004EA782 /* Build configuration list for PBXProject "BucketList" */ = {
			isa = XCConfigurationList;
			buildConfigurations = (
				AA02FF8726810501004EA782 /* Debug */,
				AA02FF8826810501004EA782 /* Release */,
			);
			defaultConfigurationIsVisible = 0;
			defaultConfigurationName = Release;
		};
		AA02FF8926810501004EA782 /* Build configuration list for PBXNativeTarget "BucketList" */ = {
			isa = XCConfigurationList;
			buildConfigurations = (
				AA02FF8A26810501004EA782 /* Debug */,
				AA02FF8B26810501004EA782 /* Release */,
			);
			defaultConfigurationIsVisible = 0;
			defaultConfigurationName = Release;
		};
/* End XCConfigurationList section */
	};
	rootObject = AA02FF6D26810500004EA782 /* Project object */;
}
