// !$*UTF8*$!
{
	archiveVersion = 1;
	classes = {
	};
	objectVersion = 51;
	objects = {

/* Begin PBXBuildFile section */
		489ECAB506C4C2954E3D2D2E /* Pods_BucketList.framework in Frameworks */ = {isa = PBXBuildFile; fileRef = D3317EECED0B32C26F983252 /* Pods_BucketList.framework */; };
		AA02FF7926810500004EA782 /* AppDelegate.swift in Sources */ = {isa = PBXBuildFile; fileRef = AA02FF7826810500004EA782 /* AppDelegate.swift */; };
		AA02FF7B26810500004EA782 /* SceneDelegate.swift in Sources */ = {isa = PBXBuildFile; fileRef = AA02FF7A26810500004EA782 /* SceneDelegate.swift */; };
		AA02FF8026810500004EA782 /* Main.storyboard in Resources */ = {isa = PBXBuildFile; fileRef = AA02FF7E26810500004EA782 /* Main.storyboard */; };
		AA02FF8226810501004EA782 /* Assets.xcassets in Resources */ = {isa = PBXBuildFile; fileRef = AA02FF8126810501004EA782 /* Assets.xcassets */; };
		AA02FF8526810501004EA782 /* LaunchScreen.storyboard in Resources */ = {isa = PBXBuildFile; fileRef = AA02FF8326810501004EA782 /* LaunchScreen.storyboard */; };
		AA25B4F726814A5300B0E13F /* SignUpViewController.swift in Sources */ = {isa = PBXBuildFile; fileRef = AA25B4F626814A5300B0E13F /* SignUpViewController.swift */; };
		AA25B504268156F400B0E13F /* LoginViewController.swift in Sources */ = {isa = PBXBuildFile; fileRef = AA25B503268156F400B0E13F /* LoginViewController.swift */; };
		AA25B5062681577300B0E13F /* AccountViewController.swift in Sources */ = {isa = PBXBuildFile; fileRef = AA25B5052681577300B0E13F /* AccountViewController.swift */; };
		AA25B5082682397D00B0E13F /* LoadUsers.storyboard in Resources */ = {isa = PBXBuildFile; fileRef = AA25B5072682397D00B0E13F /* LoadUsers.storyboard */; };
		AA25B50B26823B4E00B0E13F /* LoadUsersTableViewController.swift in Sources */ = {isa = PBXBuildFile; fileRef = AA25B50A26823B4E00B0E13F /* LoadUsersTableViewController.swift */; };
		AA25B512268250B500B0E13F /* FirebaseFunctions.swift in Sources */ = {isa = PBXBuildFile; fileRef = AA25B510268250B500B0E13F /* FirebaseFunctions.swift */; };
		AA25B513268250B500B0E13F /* PasswordValidator.swift in Sources */ = {isa = PBXBuildFile; fileRef = AA25B511268250B500B0E13F /* PasswordValidator.swift */; };
		AA25B52026838B4200B0E13F /* FriendsList.swift in Sources */ = {isa = PBXBuildFile; fileRef = AA25B51F26838B4200B0E13F /* FriendsList.swift */; };
		AA25B5222683E2B200B0E13F /* ConversationController.swift in Sources */ = {isa = PBXBuildFile; fileRef = AA25B5212683E2B200B0E13F /* ConversationController.swift */; };
		AA25B5242683E2C700B0E13F /* UserController.swift in Sources */ = {isa = PBXBuildFile; fileRef = AA25B5232683E2C700B0E13F /* UserController.swift */; };
		AA25B5262683E32B00B0E13F /* Conversation.swift in Sources */ = {isa = PBXBuildFile; fileRef = AA25B5252683E32B00B0E13F /* Conversation.swift */; };
		AA25B5282683E42800B0E13F /* ConversationCreationTableViewController.swift in Sources */ = {isa = PBXBuildFile; fileRef = AA25B5272683E42800B0E13F /* ConversationCreationTableViewController.swift */; };
		AA25B52A2683E44400B0E13F /* ConversationMessageViewController.swift in Sources */ = {isa = PBXBuildFile; fileRef = AA25B5292683E44400B0E13F /* ConversationMessageViewController.swift */; };
		AA25B52C2683E58200B0E13F /* FriendsListModelController.swift in Sources */ = {isa = PBXBuildFile; fileRef = AA25B52B2683E58200B0E13F /* FriendsListModelController.swift */; };
		AA25B52E2683E5C500B0E13F /* ProfileViewController.swift in Sources */ = {isa = PBXBuildFile; fileRef = AA25B52D2683E5C500B0E13F /* ProfileViewController.swift */; };
		AA25B5302683E8A300B0E13F /* Post.swift in Sources */ = {isa = PBXBuildFile; fileRef = AA25B52F2683E8A300B0E13F /* Post.swift */; };
		AA25B5322683E90D00B0E13F /* ProfileTableViewController.swift in Sources */ = {isa = PBXBuildFile; fileRef = AA25B5312683E90D00B0E13F /* ProfileTableViewController.swift */; };
		AA25B5352683E93700B0E13F /* CreatePostViewController.swift in Sources */ = {isa = PBXBuildFile; fileRef = AA25B5342683E93700B0E13F /* CreatePostViewController.swift */; };
		AA25B5372683E96400B0E13F /* FeedTableViewController.swift in Sources */ = {isa = PBXBuildFile; fileRef = AA25B5362683E96400B0E13F /* FeedTableViewController.swift */; };
		AA25B5392683E99900B0E13F /* gavinPost.storyboard in Resources */ = {isa = PBXBuildFile; fileRef = AA25B5382683E99900B0E13F /* gavinPost.storyboard */; };
		AA25B53C2683E9FF00B0E13F /* FeedTableViewCell.swift in Sources */ = {isa = PBXBuildFile; fileRef = AA25B53B2683E9FF00B0E13F /* FeedTableViewCell.swift */; };
		AA25B53E2683EA0E00B0E13F /* ProfileCollectionViewCell.swift in Sources */ = {isa = PBXBuildFile; fileRef = AA25B53D2683EA0E00B0E13F /* ProfileCollectionViewCell.swift */; };
		AA25B5402683EA1500B0E13F /* ProfileTableViewCell.swift in Sources */ = {isa = PBXBuildFile; fileRef = AA25B53F2683EA1500B0E13F /* ProfileTableViewCell.swift */; };
		AA67204C268107A2003D43A0 /* Authenticate.storyboard in Resources */ = {isa = PBXBuildFile; fileRef = AA67204B268107A2003D43A0 /* Authenticate.storyboard */; };
		AA67204E268107A7003D43A0 /* josh.storyboard in Resources */ = {isa = PBXBuildFile; fileRef = AA67204D268107A7003D43A0 /* josh.storyboard */; };
		AA672050268107AD003D43A0 /* gavin.storyboard in Resources */ = {isa = PBXBuildFile; fileRef = AA67204F268107AD003D43A0 /* gavin.storyboard */; };
		AA672052268107B4003D43A0 /* justin.storyboard in Resources */ = {isa = PBXBuildFile; fileRef = AA672051268107B4003D43A0 /* justin.storyboard */; };
		AA8E969F26810CF6003DC8DA /* Buckets.swift in Sources */ = {isa = PBXBuildFile; fileRef = AA8E969E26810CF6003DC8DA /* Buckets.swift */; };
		AA8E96A126810CFE003DC8DA /* Notifier.swift in Sources */ = {isa = PBXBuildFile; fileRef = AA8E96A026810CFE003DC8DA /* Notifier.swift */; };
		AA8E96A326810D03003DC8DA /* ConversationListTableViewController.swift in Sources */ = {isa = PBXBuildFile; fileRef = AA8E96A226810D03003DC8DA /* ConversationListTableViewController.swift */; };
		AA8E96AB26810D68003DC8DA /* User.swift in Sources */ = {isa = PBXBuildFile; fileRef = AA8E96AA26810D68003DC8DA /* User.swift */; };
		AA8E96AD26810D6F003DC8DA /* Bucket.swift in Sources */ = {isa = PBXBuildFile; fileRef = AA8E96AC26810D6F003DC8DA /* Bucket.swift */; };
		AA8E96B026810DBE003DC8DA /* Model.swift in Sources */ = {isa = PBXBuildFile; fileRef = AA8E96AF26810DBE003DC8DA /* Model.swift */; };
		AA9BB5BC268110BD00A66D3E /* GoogleService-Info.plist in Resources */ = {isa = PBXBuildFile; fileRef = AA9BB5BB268110BD00A66D3E /* GoogleService-Info.plist */; };
/* End PBXBuildFile section */

/* Begin PBXFileReference section */
		AA02FF7526810500004EA782 /* BucketList.app */ = {isa = PBXFileReference; explicitFileType = wrapper.application; includeInIndex = 0; path = BucketList.app; sourceTree = BUILT_PRODUCTS_DIR; };
		AA02FF7826810500004EA782 /* AppDelegate.swift */ = {isa = PBXFileReference; lastKnownFileType = sourcecode.swift; path = AppDelegate.swift; sourceTree = "<group>"; };
		AA02FF7A26810500004EA782 /* SceneDelegate.swift */ = {isa = PBXFileReference; lastKnownFileType = sourcecode.swift; path = SceneDelegate.swift; sourceTree = "<group>"; };
		AA02FF7F26810500004EA782 /* Base */ = {isa = PBXFileReference; lastKnownFileType = file.storyboard; name = Base; path = Base.lproj/Main.storyboard; sourceTree = "<group>"; };
		AA02FF8126810501004EA782 /* Assets.xcassets */ = {isa = PBXFileReference; lastKnownFileType = folder.assetcatalog; path = Assets.xcassets; sourceTree = "<group>"; };
		AA02FF8426810501004EA782 /* Base */ = {isa = PBXFileReference; lastKnownFileType = file.storyboard; name = Base; path = Base.lproj/LaunchScreen.storyboard; sourceTree = "<group>"; };
		AA02FF8626810501004EA782 /* Info.plist */ = {isa = PBXFileReference; lastKnownFileType = text.plist.xml; path = Info.plist; sourceTree = "<group>"; };
		AA25B4F626814A5300B0E13F /* SignUpViewController.swift */ = {isa = PBXFileReference; lastKnownFileType = sourcecode.swift; path = SignUpViewController.swift; sourceTree = "<group>"; };
		AA25B503268156F400B0E13F /* LoginViewController.swift */ = {isa = PBXFileReference; lastKnownFileType = sourcecode.swift; path = LoginViewController.swift; sourceTree = "<group>"; };
		AA25B5052681577300B0E13F /* AccountViewController.swift */ = {isa = PBXFileReference; lastKnownFileType = sourcecode.swift; path = AccountViewController.swift; sourceTree = "<group>"; };
		AA25B5072682397D00B0E13F /* LoadUsers.storyboard */ = {isa = PBXFileReference; lastKnownFileType = file.storyboard; path = LoadUsers.storyboard; sourceTree = "<group>"; };
		AA25B50A26823B4E00B0E13F /* LoadUsersTableViewController.swift */ = {isa = PBXFileReference; lastKnownFileType = sourcecode.swift; path = LoadUsersTableViewController.swift; sourceTree = "<group>"; };
		AA25B510268250B500B0E13F /* FirebaseFunctions.swift */ = {isa = PBXFileReference; fileEncoding = 4; lastKnownFileType = sourcecode.swift; path = FirebaseFunctions.swift; sourceTree = "<group>"; };
		AA25B511268250B500B0E13F /* PasswordValidator.swift */ = {isa = PBXFileReference; fileEncoding = 4; lastKnownFileType = sourcecode.swift; path = PasswordValidator.swift; sourceTree = "<group>"; };
		AA25B51F26838B4200B0E13F /* FriendsList.swift */ = {isa = PBXFileReference; lastKnownFileType = sourcecode.swift; path = FriendsList.swift; sourceTree = "<group>"; };
		AA25B5212683E2B200B0E13F /* ConversationController.swift */ = {isa = PBXFileReference; lastKnownFileType = sourcecode.swift; path = ConversationController.swift; sourceTree = "<group>"; };
		AA25B5232683E2C700B0E13F /* UserController.swift */ = {isa = PBXFileReference; lastKnownFileType = sourcecode.swift; path = UserController.swift; sourceTree = "<group>"; };
		AA25B5252683E32B00B0E13F /* Conversation.swift */ = {isa = PBXFileReference; lastKnownFileType = sourcecode.swift; path = Conversation.swift; sourceTree = "<group>"; };
		AA25B5272683E42800B0E13F /* ConversationCreationTableViewController.swift */ = {isa = PBXFileReference; lastKnownFileType = sourcecode.swift; path = ConversationCreationTableViewController.swift; sourceTree = "<group>"; };
		AA25B5292683E44400B0E13F /* ConversationMessageViewController.swift */ = {isa = PBXFileReference; lastKnownFileType = sourcecode.swift; path = ConversationMessageViewController.swift; sourceTree = "<group>"; };
		AA25B52B2683E58200B0E13F /* FriendsListModelController.swift */ = {isa = PBXFileReference; lastKnownFileType = sourcecode.swift; path = FriendsListModelController.swift; sourceTree = "<group>"; };
		AA25B52D2683E5C500B0E13F /* ProfileViewController.swift */ = {isa = PBXFileReference; lastKnownFileType = sourcecode.swift; path = ProfileViewController.swift; sourceTree = "<group>"; };
		AA25B52F2683E8A300B0E13F /* Post.swift */ = {isa = PBXFileReference; lastKnownFileType = sourcecode.swift; path = Post.swift; sourceTree = "<group>"; };
		AA25B5312683E90D00B0E13F /* ProfileTableViewController.swift */ = {isa = PBXFileReference; lastKnownFileType = sourcecode.swift; path = ProfileTableViewController.swift; sourceTree = "<group>"; };
		AA25B5342683E93700B0E13F /* CreatePostViewController.swift */ = {isa = PBXFileReference; lastKnownFileType = sourcecode.swift; path = CreatePostViewController.swift; sourceTree = "<group>"; };
		AA25B5362683E96400B0E13F /* FeedTableViewController.swift */ = {isa = PBXFileReference; lastKnownFileType = sourcecode.swift; path = FeedTableViewController.swift; sourceTree = "<group>"; };
		AA25B5382683E99900B0E13F /* gavinPost.storyboard */ = {isa = PBXFileReference; fileEncoding = 4; lastKnownFileType = file.storyboard; path = gavinPost.storyboard; sourceTree = "<group>"; };
		AA25B53B2683E9FF00B0E13F /* FeedTableViewCell.swift */ = {isa = PBXFileReference; lastKnownFileType = sourcecode.swift; path = FeedTableViewCell.swift; sourceTree = "<group>"; };
		AA25B53D2683EA0E00B0E13F /* ProfileCollectionViewCell.swift */ = {isa = PBXFileReference; lastKnownFileType = sourcecode.swift; path = ProfileCollectionViewCell.swift; sourceTree = "<group>"; };
		AA25B53F2683EA1500B0E13F /* ProfileTableViewCell.swift */ = {isa = PBXFileReference; lastKnownFileType = sourcecode.swift; path = ProfileTableViewCell.swift; sourceTree = "<group>"; };
		AA67204B268107A2003D43A0 /* Authenticate.storyboard */ = {isa = PBXFileReference; lastKnownFileType = file.storyboard; path = Authenticate.storyboard; sourceTree = "<group>"; };
		AA67204D268107A7003D43A0 /* josh.storyboard */ = {isa = PBXFileReference; lastKnownFileType = file.storyboard; path = josh.storyboard; sourceTree = "<group>"; };
		AA67204F268107AD003D43A0 /* gavin.storyboard */ = {isa = PBXFileReference; lastKnownFileType = file.storyboard; path = gavin.storyboard; sourceTree = "<group>"; };
		AA672051268107B4003D43A0 /* justin.storyboard */ = {isa = PBXFileReference; lastKnownFileType = file.storyboard; path = justin.storyboard; sourceTree = "<group>"; };
		AA8E969E26810CF6003DC8DA /* Buckets.swift */ = {isa = PBXFileReference; lastKnownFileType = sourcecode.swift; path = Buckets.swift; sourceTree = "<group>"; };
		AA8E96A026810CFE003DC8DA /* Notifier.swift */ = {isa = PBXFileReference; lastKnownFileType = sourcecode.swift; path = Notifier.swift; sourceTree = "<group>"; };
		AA8E96A226810D03003DC8DA /* ConversationListTableViewController.swift */ = {isa = PBXFileReference; lastKnownFileType = sourcecode.swift; path = ConversationListTableViewController.swift; sourceTree = "<group>"; };
		AA8E96AA26810D68003DC8DA /* User.swift */ = {isa = PBXFileReference; lastKnownFileType = sourcecode.swift; path = User.swift; sourceTree = "<group>"; };
		AA8E96AC26810D6F003DC8DA /* Bucket.swift */ = {isa = PBXFileReference; lastKnownFileType = sourcecode.swift; path = Bucket.swift; sourceTree = "<group>"; };
		AA8E96AF26810DBE003DC8DA /* Model.swift */ = {isa = PBXFileReference; lastKnownFileType = sourcecode.swift; path = Model.swift; sourceTree = "<group>"; };
		AA9BB5BB268110BD00A66D3E /* GoogleService-Info.plist */ = {isa = PBXFileReference; fileEncoding = 4; lastKnownFileType = text.plist.xml; name = "GoogleService-Info.plist"; path = "../../../Firebase GoogleService-Info/GoogleService-Info.plist"; sourceTree = "<group>"; };
		C3188C93C2B51D68B5DDF585 /* Pods-BucketList.release.xcconfig */ = {isa = PBXFileReference; includeInIndex = 1; lastKnownFileType = text.xcconfig; name = "Pods-BucketList.release.xcconfig"; path = "Target Support Files/Pods-BucketList/Pods-BucketList.release.xcconfig"; sourceTree = "<group>"; };
		D3317EECED0B32C26F983252 /* Pods_BucketList.framework */ = {isa = PBXFileReference; explicitFileType = wrapper.framework; includeInIndex = 0; path = Pods_BucketList.framework; sourceTree = BUILT_PRODUCTS_DIR; };
		F53BB64563576D97B8BB2B09 /* Pods-BucketList.debug.xcconfig */ = {isa = PBXFileReference; includeInIndex = 1; lastKnownFileType = text.xcconfig; name = "Pods-BucketList.debug.xcconfig"; path = "Target Support Files/Pods-BucketList/Pods-BucketList.debug.xcconfig"; sourceTree = "<group>"; };
/* End PBXFileReference section */

/* Begin PBXFrameworksBuildPhase section */
		AA02FF7226810500004EA782 /* Frameworks */ = {
			isa = PBXFrameworksBuildPhase;
			buildActionMask = 2147483647;
			files = (
				489ECAB506C4C2954E3D2D2E /* Pods_BucketList.framework in Frameworks */,
			);
			runOnlyForDeploymentPostprocessing = 0;
		};
/* End PBXFrameworksBuildPhase section */

/* Begin PBXGroup section */
		01B0B24AD8A5176255993367 /* Frameworks */ = {
			isa = PBXGroup;
			children = (
				D3317EECED0B32C26F983252 /* Pods_BucketList.framework */,
			);
			name = Frameworks;
			sourceTree = "<group>";
		};
		AA02FF6C26810500004EA782 = {
			isa = PBXGroup;
			children = (
				AA02FF7726810500004EA782 /* BucketList */,
				AA02FF7626810500004EA782 /* Products */,
				ECE8AD985990C774F3D4A6FD /* Pods */,
				01B0B24AD8A5176255993367 /* Frameworks */,
			);
			sourceTree = "<group>";
		};
		AA02FF7626810500004EA782 /* Products */ = {
			isa = PBXGroup;
			children = (
				AA02FF7526810500004EA782 /* BucketList.app */,
			);
			name = Products;
			sourceTree = "<group>";
		};
		AA02FF7726810500004EA782 /* BucketList */ = {
			isa = PBXGroup;
			children = (
				AA9BB5BB268110BD00A66D3E /* GoogleService-Info.plist */,
				AA8E96A926810D4F003DC8DA /* Models */,
				AA8E96AE26810DAD003DC8DA /* Model Controllers */,
				AA8E969926810C38003DC8DA /* View Controllers */,
				AA67204A26810709003D43A0 /* Storyboards */,
				AA25B53A2683E9D400B0E13F /* Custom Cells */,
				AA25B4FC26814ADF00B0E13F /* Helpers */,
				AA02FF8C2681051C004EA782 /* Resources */,
			);
			path = BucketList;
			sourceTree = "<group>";
		};
		AA02FF8C2681051C004EA782 /* Resources */ = {
			isa = PBXGroup;
			children = (
				AA02FF7826810500004EA782 /* AppDelegate.swift */,
				AA02FF7A26810500004EA782 /* SceneDelegate.swift */,
				AA02FF8126810501004EA782 /* Assets.xcassets */,
				AA02FF8626810501004EA782 /* Info.plist */,
			);
			path = Resources;
			sourceTree = "<group>";
		};
		AA25B4FC26814ADF00B0E13F /* Helpers */ = {
			isa = PBXGroup;
			children = (
				AA25B510268250B500B0E13F /* FirebaseFunctions.swift */,
				AA25B511268250B500B0E13F /* PasswordValidator.swift */,
			);
			path = Helpers;
			sourceTree = "<group>";
		};
		AA25B50926823B2300B0E13F /* Load Users */ = {
			isa = PBXGroup;
			children = (
				AA25B50A26823B4E00B0E13F /* LoadUsersTableViewController.swift */,
			);
			path = "Load Users";
			sourceTree = "<group>";
		};
		AA25B5332683E92900B0E13F /* Feed */ = {
			isa = PBXGroup;
			children = (
				AA25B5342683E93700B0E13F /* CreatePostViewController.swift */,
				AA25B5362683E96400B0E13F /* FeedTableViewController.swift */,
			);
			path = Feed;
			sourceTree = "<group>";
		};
		AA25B53A2683E9D400B0E13F /* Custom Cells */ = {
			isa = PBXGroup;
			children = (
				AA25B53B2683E9FF00B0E13F /* FeedTableViewCell.swift */,
				AA25B53D2683EA0E00B0E13F /* ProfileCollectionViewCell.swift */,
				AA25B53F2683EA1500B0E13F /* ProfileTableViewCell.swift */,
			);
			path = "Custom Cells";
			sourceTree = "<group>";
		};
		AA67204A26810709003D43A0 /* Storyboards */ = {
			isa = PBXGroup;
			children = (
				AA02FF8326810501004EA782 /* LaunchScreen.storyboard */,
				AA02FF7E26810500004EA782 /* Main.storyboard */,
				AA672053268107D2003D43A0 /* ethan */,
				AA672054268107D7003D43A0 /* josh */,
				AA672055268107DB003D43A0 /* gavin */,
				AA672056268107E8003D43A0 /* justin */,
			);
			path = Storyboards;
			sourceTree = "<group>";
		};
		AA672053268107D2003D43A0 /* ethan */ = {
			isa = PBXGroup;
			children = (
				AA67204B268107A2003D43A0 /* Authenticate.storyboard */,
				AA25B5072682397D00B0E13F /* LoadUsers.storyboard */,
			);
			path = ethan;
			sourceTree = "<group>";
		};
		AA672054268107D7003D43A0 /* josh */ = {
			isa = PBXGroup;
			children = (
				AA67204D268107A7003D43A0 /* josh.storyboard */,
			);
			path = josh;
			sourceTree = "<group>";
		};
		AA672055268107DB003D43A0 /* gavin */ = {
			isa = PBXGroup;
			children = (
				AA67204F268107AD003D43A0 /* gavin.storyboard */,
				AA25B5382683E99900B0E13F /* gavinPost.storyboard */,
			);
			path = gavin;
			sourceTree = "<group>";
		};
		AA672056268107E8003D43A0 /* justin */ = {
			isa = PBXGroup;
			children = (
				AA672051268107B4003D43A0 /* justin.storyboard */,
			);
			path = justin;
			sourceTree = "<group>";
		};
		AA8E969926810C38003DC8DA /* View Controllers */ = {
			isa = PBXGroup;
			children = (
				AA25B5332683E92900B0E13F /* Feed */,
				AA25B50926823B2300B0E13F /* Load Users */,
				AA8E96A626810D0B003DC8DA /* Friends */,
				AA8E969D26810CB8003DC8DA /* Buckets */,
				AA8E969C26810CA4003DC8DA /* Notifier */,
				AA8E969B26810C96003DC8DA /* Messages */,
				AA8E969A26810C8F003DC8DA /* Login */,
			);
			path = "View Controllers";
			sourceTree = "<group>";
		};
		AA8E969A26810C8F003DC8DA /* Login */ = {
			isa = PBXGroup;
			children = (
				AA25B4F626814A5300B0E13F /* SignUpViewController.swift */,
				AA25B503268156F400B0E13F /* LoginViewController.swift */,
				AA25B5052681577300B0E13F /* AccountViewController.swift */,
			);
			path = Login;
			sourceTree = "<group>";
		};
		AA8E969B26810C96003DC8DA /* Messages */ = {
			isa = PBXGroup;
			children = (
				AA8E96A226810D03003DC8DA /* ConversationListTableViewController.swift */,
				AA25B5272683E42800B0E13F /* ConversationCreationTableViewController.swift */,
				AA25B5292683E44400B0E13F /* ConversationMessageViewController.swift */,
			);
			path = Messages;
			sourceTree = "<group>";
		};
		AA8E969C26810CA4003DC8DA /* Notifier */ = {
			isa = PBXGroup;
			children = (
				AA8E96A026810CFE003DC8DA /* Notifier.swift */,
			);
			path = Notifier;
			sourceTree = "<group>";
		};
		AA8E969D26810CB8003DC8DA /* Buckets */ = {
			isa = PBXGroup;
			children = (
				AA8E969E26810CF6003DC8DA /* Buckets.swift */,
			);
			path = Buckets;
			sourceTree = "<group>";
		};
		AA8E96A626810D0B003DC8DA /* Friends */ = {
			isa = PBXGroup;
			children = (
				AA25B52D2683E5C500B0E13F /* ProfileViewController.swift */,
				AA25B5312683E90D00B0E13F /* ProfileTableViewController.swift */,
			);
			path = Friends;
			sourceTree = "<group>";
		};
		AA8E96A926810D4F003DC8DA /* Models */ = {
			isa = PBXGroup;
			children = (
				AA8E96AA26810D68003DC8DA /* User.swift */,
				AA8E96AC26810D6F003DC8DA /* Bucket.swift */,
				AA25B51F26838B4200B0E13F /* FriendsList.swift */,
				AA25B5252683E32B00B0E13F /* Conversation.swift */,
				AA25B52F2683E8A300B0E13F /* Post.swift */,
			);
			path = Models;
			sourceTree = "<group>";
		};
		AA8E96AE26810DAD003DC8DA /* Model Controllers */ = {
			isa = PBXGroup;
			children = (
				AA8E96AF26810DBE003DC8DA /* Model.swift */,
				AA25B5212683E2B200B0E13F /* ConversationController.swift */,
				AA25B5232683E2C700B0E13F /* UserController.swift */,
				AA25B52B2683E58200B0E13F /* FriendsListModelController.swift */,
			);
			path = "Model Controllers";
			sourceTree = "<group>";
		};
		ECE8AD985990C774F3D4A6FD /* Pods */ = {
			isa = PBXGroup;
			children = (
				F53BB64563576D97B8BB2B09 /* Pods-BucketList.debug.xcconfig */,
				C3188C93C2B51D68B5DDF585 /* Pods-BucketList.release.xcconfig */,
			);
			path = Pods;
			sourceTree = "<group>";
		};
/* End PBXGroup section */

/* Begin PBXNativeTarget section */
		AA02FF7426810500004EA782 /* BucketList */ = {
			isa = PBXNativeTarget;
			buildConfigurationList = AA02FF8926810501004EA782 /* Build configuration list for PBXNativeTarget "BucketList" */;
			buildPhases = (
				5742F93FCC0FCA0E59DDFDD6 /* [CP] Check Pods Manifest.lock */,
				AA02FF7126810500004EA782 /* Sources */,
				AA02FF7226810500004EA782 /* Frameworks */,
				AA02FF7326810500004EA782 /* Resources */,
				51117066E92166892CE3CC40 /* [CP] Embed Pods Frameworks */,
			);
			buildRules = (
			);
			dependencies = (
			);
			name = BucketList;
			productName = BucketList;
			productReference = AA02FF7526810500004EA782 /* BucketList.app */;
			productType = "com.apple.product-type.application";
		};
/* End PBXNativeTarget section */

/* Begin PBXProject section */
		AA02FF6D26810500004EA782 /* Project object */ = {
			isa = PBXProject;
			attributes = {
				LastSwiftUpdateCheck = 1250;
				LastUpgradeCheck = 1250;
				TargetAttributes = {
					AA02FF7426810500004EA782 = {
						CreatedOnToolsVersion = 12.5;
					};
				};
			};
			buildConfigurationList = AA02FF7026810500004EA782 /* Build configuration list for PBXProject "BucketList" */;
			compatibilityVersion = "Xcode 9.3";
			developmentRegion = en;
			hasScannedForEncodings = 0;
			knownRegions = (
				en,
				Base,
			);
			mainGroup = AA02FF6C26810500004EA782;
			productRefGroup = AA02FF7626810500004EA782 /* Products */;
			projectDirPath = "";
			projectRoot = "";
			targets = (
				AA02FF7426810500004EA782 /* BucketList */,
			);
		};
/* End PBXProject section */

/* Begin PBXResourcesBuildPhase section */
		AA02FF7326810500004EA782 /* Resources */ = {
			isa = PBXResourcesBuildPhase;
			buildActionMask = 2147483647;
			files = (
				AA67204E268107A7003D43A0 /* josh.storyboard in Resources */,
				AA9BB5BC268110BD00A66D3E /* GoogleService-Info.plist in Resources */,
				AA25B5392683E99900B0E13F /* gavinPost.storyboard in Resources */,
				AA02FF8526810501004EA782 /* LaunchScreen.storyboard in Resources */,
				AA672050268107AD003D43A0 /* gavin.storyboard in Resources */,
				AA02FF8226810501004EA782 /* Assets.xcassets in Resources */,
				AA02FF8026810500004EA782 /* Main.storyboard in Resources */,
				AA672052268107B4003D43A0 /* justin.storyboard in Resources */,
				AA25B5082682397D00B0E13F /* LoadUsers.storyboard in Resources */,
				AA67204C268107A2003D43A0 /* Authenticate.storyboard in Resources */,
			);
			runOnlyForDeploymentPostprocessing = 0;
		};
/* End PBXResourcesBuildPhase section */

/* Begin PBXShellScriptBuildPhase section */
		51117066E92166892CE3CC40 /* [CP] Embed Pods Frameworks */ = {
			isa = PBXShellScriptBuildPhase;
			buildActionMask = 2147483647;
			files = (
			);
			inputFileListPaths = (
				"${PODS_ROOT}/Target Support Files/Pods-BucketList/Pods-BucketList-frameworks-${CONFIGURATION}-input-files.xcfilelist",
			);
			name = "[CP] Embed Pods Frameworks";
			outputFileListPaths = (
				"${PODS_ROOT}/Target Support Files/Pods-BucketList/Pods-BucketList-frameworks-${CONFIGURATION}-output-files.xcfilelist",
			);
			runOnlyForDeploymentPostprocessing = 0;
			shellPath = /bin/sh;
			shellScript = "\"${PODS_ROOT}/Target Support Files/Pods-BucketList/Pods-BucketList-frameworks.sh\"\n";
			showEnvVarsInLog = 0;
		};
		5742F93FCC0FCA0E59DDFDD6 /* [CP] Check Pods Manifest.lock */ = {
			isa = PBXShellScriptBuildPhase;
			buildActionMask = 2147483647;
			files = (
			);
			inputFileListPaths = (
			);
			inputPaths = (
				"${PODS_PODFILE_DIR_PATH}/Podfile.lock",
				"${PODS_ROOT}/Manifest.lock",
			);
			name = "[CP] Check Pods Manifest.lock";
			outputFileListPaths = (
			);
			outputPaths = (
				"$(DERIVED_FILE_DIR)/Pods-BucketList-checkManifestLockResult.txt",
			);
			runOnlyForDeploymentPostprocessing = 0;
			shellPath = /bin/sh;
			shellScript = "diff \"${PODS_PODFILE_DIR_PATH}/Podfile.lock\" \"${PODS_ROOT}/Manifest.lock\" > /dev/null\nif [ $? != 0 ] ; then\n    # print error to STDERR\n    echo \"error: The sandbox is not in sync with the Podfile.lock. Run 'pod install' or update your CocoaPods installation.\" >&2\n    exit 1\nfi\n# This output is used by Xcode 'outputs' to avoid re-running this script phase.\necho \"SUCCESS\" > \"${SCRIPT_OUTPUT_FILE_0}\"\n";
			showEnvVarsInLog = 0;
		};
/* End PBXShellScriptBuildPhase section */

/* Begin PBXSourcesBuildPhase section */
		AA02FF7126810500004EA782 /* Sources */ = {
			isa = PBXSourcesBuildPhase;
			buildActionMask = 2147483647;
			files = (
				AA25B5352683E93700B0E13F /* CreatePostViewController.swift in Sources */,
				AA25B5242683E2C700B0E13F /* UserController.swift in Sources */,
				AA25B4F726814A5300B0E13F /* SignUpViewController.swift in Sources */,
				AA8E96A326810D03003DC8DA /* ConversationListTableViewController.swift in Sources */,
				AA25B52E2683E5C500B0E13F /* ProfileViewController.swift in Sources */,
				AA25B52A2683E44400B0E13F /* ConversationMessageViewController.swift in Sources */,
				AA25B5282683E42800B0E13F /* ConversationCreationTableViewController.swift in Sources */,
				AA25B5322683E90D00B0E13F /* ProfileTableViewController.swift in Sources */,
				AA25B52026838B4200B0E13F /* FriendsList.swift in Sources */,
				AA25B5062681577300B0E13F /* AccountViewController.swift in Sources */,
				AA25B53E2683EA0E00B0E13F /* ProfileCollectionViewCell.swift in Sources */,
				AA02FF7926810500004EA782 /* AppDelegate.swift in Sources */,
				AA8E96AB26810D68003DC8DA /* User.swift in Sources */,
				AA8E96B026810DBE003DC8DA /* Model.swift in Sources */,
				AA25B513268250B500B0E13F /* PasswordValidator.swift in Sources */,
				AA25B5302683E8A300B0E13F /* Post.swift in Sources */,
				AA25B5372683E96400B0E13F /* FeedTableViewController.swift in Sources */,
				AA25B53C2683E9FF00B0E13F /* FeedTableViewCell.swift in Sources */,
				AA25B5262683E32B00B0E13F /* Conversation.swift in Sources */,
				AA25B5222683E2B200B0E13F /* ConversationController.swift in Sources */,
				AA8E96A126810CFE003DC8DA /* Notifier.swift in Sources */,
				AA25B512268250B500B0E13F /* FirebaseFunctions.swift in Sources */,
				AA25B5402683EA1500B0E13F /* ProfileTableViewCell.swift in Sources */,
				AA8E96AD26810D6F003DC8DA /* Bucket.swift in Sources */,
				AA25B50B26823B4E00B0E13F /* LoadUsersTableViewController.swift in Sources */,
				AA8E969F26810CF6003DC8DA /* Buckets.swift in Sources */,
				AA25B504268156F400B0E13F /* LoginViewController.swift in Sources */,
				AA25B52C2683E58200B0E13F /* FriendsListModelController.swift in Sources */,
				AA02FF7B26810500004EA782 /* SceneDelegate.swift in Sources */,
			);
			runOnlyForDeploymentPostprocessing = 0;
		};
/* End PBXSourcesBuildPhase section */

/* Begin PBXVariantGroup section */
		AA02FF7E26810500004EA782 /* Main.storyboard */ = {
			isa = PBXVariantGroup;
			children = (
				AA02FF7F26810500004EA782 /* Base */,
			);
			name = Main.storyboard;
			sourceTree = "<group>";
		};
		AA02FF8326810501004EA782 /* LaunchScreen.storyboard */ = {
			isa = PBXVariantGroup;
			children = (
				AA02FF8426810501004EA782 /* Base */,
			);
			name = LaunchScreen.storyboard;
			sourceTree = "<group>";
		};
/* End PBXVariantGroup section */

/* Begin XCBuildConfiguration section */
		AA02FF8726810501004EA782 /* Debug */ = {
			isa = XCBuildConfiguration;
			buildSettings = {
				ALWAYS_SEARCH_USER_PATHS = NO;
				CLANG_ANALYZER_NONNULL = YES;
				CLANG_ANALYZER_NUMBER_OBJECT_CONVERSION = YES_AGGRESSIVE;
				CLANG_CXX_LANGUAGE_STANDARD = "gnu++14";
				CLANG_CXX_LIBRARY = "libc++";
				CLANG_ENABLE_MODULES = YES;
				CLANG_ENABLE_OBJC_ARC = YES;
				CLANG_ENABLE_OBJC_WEAK = YES;
				CLANG_WARN_BLOCK_CAPTURE_AUTORELEASING = YES;
				CLANG_WARN_BOOL_CONVERSION = YES;
				CLANG_WARN_COMMA = YES;
				CLANG_WARN_CONSTANT_CONVERSION = YES;
				CLANG_WARN_DEPRECATED_OBJC_IMPLEMENTATIONS = YES;
				CLANG_WARN_DIRECT_OBJC_ISA_USAGE = YES_ERROR;
				CLANG_WARN_DOCUMENTATION_COMMENTS = YES;
				CLANG_WARN_EMPTY_BODY = YES;
				CLANG_WARN_ENUM_CONVERSION = YES;
				CLANG_WARN_INFINITE_RECURSION = YES;
				CLANG_WARN_INT_CONVERSION = YES;
				CLANG_WARN_NON_LITERAL_NULL_CONVERSION = YES;
				CLANG_WARN_OBJC_IMPLICIT_RETAIN_SELF = YES;
				CLANG_WARN_OBJC_LITERAL_CONVERSION = YES;
				CLANG_WARN_OBJC_ROOT_CLASS = YES_ERROR;
				CLANG_WARN_QUOTED_INCLUDE_IN_FRAMEWORK_HEADER = YES;
				CLANG_WARN_RANGE_LOOP_ANALYSIS = YES;
				CLANG_WARN_STRICT_PROTOTYPES = YES;
				CLANG_WARN_SUSPICIOUS_MOVE = YES;
				CLANG_WARN_UNGUARDED_AVAILABILITY = YES_AGGRESSIVE;
				CLANG_WARN_UNREACHABLE_CODE = YES;
				CLANG_WARN__DUPLICATE_METHOD_MATCH = YES;
				COPY_PHASE_STRIP = NO;
				DEBUG_INFORMATION_FORMAT = dwarf;
				ENABLE_STRICT_OBJC_MSGSEND = YES;
				ENABLE_TESTABILITY = YES;
				GCC_C_LANGUAGE_STANDARD = gnu11;
				GCC_DYNAMIC_NO_PIC = NO;
				GCC_NO_COMMON_BLOCKS = YES;
				GCC_OPTIMIZATION_LEVEL = 0;
				GCC_PREPROCESSOR_DEFINITIONS = (
					"DEBUG=1",
					"$(inherited)",
				);
				GCC_WARN_64_TO_32_BIT_CONVERSION = YES;
				GCC_WARN_ABOUT_RETURN_TYPE = YES_ERROR;
				GCC_WARN_UNDECLARED_SELECTOR = YES;
				GCC_WARN_UNINITIALIZED_AUTOS = YES_AGGRESSIVE;
				GCC_WARN_UNUSED_FUNCTION = YES;
				GCC_WARN_UNUSED_VARIABLE = YES;
				IPHONEOS_DEPLOYMENT_TARGET = 14.5;
				MTL_ENABLE_DEBUG_INFO = INCLUDE_SOURCE;
				MTL_FAST_MATH = YES;
				ONLY_ACTIVE_ARCH = YES;
				SDKROOT = iphoneos;
				SWIFT_ACTIVE_COMPILATION_CONDITIONS = DEBUG;
				SWIFT_OPTIMIZATION_LEVEL = "-Onone";
			};
			name = Debug;
		};
		AA02FF8826810501004EA782 /* Release */ = {
			isa = XCBuildConfiguration;
			buildSettings = {
				ALWAYS_SEARCH_USER_PATHS = NO;
				CLANG_ANALYZER_NONNULL = YES;
				CLANG_ANALYZER_NUMBER_OBJECT_CONVERSION = YES_AGGRESSIVE;
				CLANG_CXX_LANGUAGE_STANDARD = "gnu++14";
				CLANG_CXX_LIBRARY = "libc++";
				CLANG_ENABLE_MODULES = YES;
				CLANG_ENABLE_OBJC_ARC = YES;
				CLANG_ENABLE_OBJC_WEAK = YES;
				CLANG_WARN_BLOCK_CAPTURE_AUTORELEASING = YES;
				CLANG_WARN_BOOL_CONVERSION = YES;
				CLANG_WARN_COMMA = YES;
				CLANG_WARN_CONSTANT_CONVERSION = YES;
				CLANG_WARN_DEPRECATED_OBJC_IMPLEMENTATIONS = YES;
				CLANG_WARN_DIRECT_OBJC_ISA_USAGE = YES_ERROR;
				CLANG_WARN_DOCUMENTATION_COMMENTS = YES;
				CLANG_WARN_EMPTY_BODY = YES;
				CLANG_WARN_ENUM_CONVERSION = YES;
				CLANG_WARN_INFINITE_RECURSION = YES;
				CLANG_WARN_INT_CONVERSION = YES;
				CLANG_WARN_NON_LITERAL_NULL_CONVERSION = YES;
				CLANG_WARN_OBJC_IMPLICIT_RETAIN_SELF = YES;
				CLANG_WARN_OBJC_LITERAL_CONVERSION = YES;
				CLANG_WARN_OBJC_ROOT_CLASS = YES_ERROR;
				CLANG_WARN_QUOTED_INCLUDE_IN_FRAMEWORK_HEADER = YES;
				CLANG_WARN_RANGE_LOOP_ANALYSIS = YES;
				CLANG_WARN_STRICT_PROTOTYPES = YES;
				CLANG_WARN_SUSPICIOUS_MOVE = YES;
				CLANG_WARN_UNGUARDED_AVAILABILITY = YES_AGGRESSIVE;
				CLANG_WARN_UNREACHABLE_CODE = YES;
				CLANG_WARN__DUPLICATE_METHOD_MATCH = YES;
				COPY_PHASE_STRIP = NO;
				DEBUG_INFORMATION_FORMAT = "dwarf-with-dsym";
				ENABLE_NS_ASSERTIONS = NO;
				ENABLE_STRICT_OBJC_MSGSEND = YES;
				GCC_C_LANGUAGE_STANDARD = gnu11;
				GCC_NO_COMMON_BLOCKS = YES;
				GCC_WARN_64_TO_32_BIT_CONVERSION = YES;
				GCC_WARN_ABOUT_RETURN_TYPE = YES_ERROR;
				GCC_WARN_UNDECLARED_SELECTOR = YES;
				GCC_WARN_UNINITIALIZED_AUTOS = YES_AGGRESSIVE;
				GCC_WARN_UNUSED_FUNCTION = YES;
				GCC_WARN_UNUSED_VARIABLE = YES;
				IPHONEOS_DEPLOYMENT_TARGET = 14.5;
				MTL_ENABLE_DEBUG_INFO = NO;
				MTL_FAST_MATH = YES;
				SDKROOT = iphoneos;
				SWIFT_COMPILATION_MODE = wholemodule;
				SWIFT_OPTIMIZATION_LEVEL = "-O";
				VALIDATE_PRODUCT = YES;
			};
			name = Release;
		};
		AA02FF8A26810501004EA782 /* Debug */ = {
			isa = XCBuildConfiguration;
			baseConfigurationReference = F53BB64563576D97B8BB2B09 /* Pods-BucketList.debug.xcconfig */;
			buildSettings = {
				ASSETCATALOG_COMPILER_APPICON_NAME = AppIcon;
				ASSETCATALOG_COMPILER_GLOBAL_ACCENT_COLOR_NAME = AccentColor;
				CODE_SIGN_STYLE = Automatic;
				DEVELOPMENT_TEAM = XA96DJZ7VH;
				INFOPLIST_FILE = BucketList/Resources/Info.plist;
				LD_RUNPATH_SEARCH_PATHS = (
					"$(inherited)",
					"@executable_path/Frameworks",
				);
				PRODUCT_BUNDLE_IDENTIFIER = Andersen.BucketList;
				PRODUCT_NAME = "$(TARGET_NAME)";
				SWIFT_VERSION = 5.0;
				TARGETED_DEVICE_FAMILY = 1;
			};
			name = Debug;
		};
		AA02FF8B26810501004EA782 /* Release */ = {
			isa = XCBuildConfiguration;
			baseConfigurationReference = C3188C93C2B51D68B5DDF585 /* Pods-BucketList.release.xcconfig */;
			buildSettings = {
				ASSETCATALOG_COMPILER_APPICON_NAME = AppIcon;
				ASSETCATALOG_COMPILER_GLOBAL_ACCENT_COLOR_NAME = AccentColor;
				CODE_SIGN_STYLE = Automatic;
				DEVELOPMENT_TEAM = XA96DJZ7VH;
				INFOPLIST_FILE = BucketList/Resources/Info.plist;
				LD_RUNPATH_SEARCH_PATHS = (
					"$(inherited)",
					"@executable_path/Frameworks",
				);
				PRODUCT_BUNDLE_IDENTIFIER = Andersen.BucketList;
				PRODUCT_NAME = "$(TARGET_NAME)";
				SWIFT_VERSION = 5.0;
				TARGETED_DEVICE_FAMILY = 1;
			};
			name = Release;
		};
/* End XCBuildConfiguration section */

/* Begin XCConfigurationList section */
		AA02FF7026810500004EA782 /* Build configuration list for PBXProject "BucketList" */ = {
			isa = XCConfigurationList;
			buildConfigurations = (
				AA02FF8726810501004EA782 /* Debug */,
				AA02FF8826810501004EA782 /* Release */,
			);
			defaultConfigurationIsVisible = 0;
			defaultConfigurationName = Release;
		};
		AA02FF8926810501004EA782 /* Build configuration list for PBXNativeTarget "BucketList" */ = {
			isa = XCConfigurationList;
			buildConfigurations = (
				AA02FF8A26810501004EA782 /* Debug */,
				AA02FF8B26810501004EA782 /* Release */,
			);
			defaultConfigurationIsVisible = 0;
			defaultConfigurationName = Release;
		};
/* End XCConfigurationList section */
	};
	rootObject = AA02FF6D26810500004EA782 /* Project object */;
}
